// !$*UTF8*$!
{
	archiveVersion = 1;
	classes = {
	};
	objectVersion = 50;
	objects = {

/* Begin PBXBuildFile section */
		1281FA5C21F5C51A00D54C3E /* NewFeedsViewController.swift in Sources */ = {isa = PBXBuildFile; fileRef = 1281FA5B21F5C51A00D54C3E /* NewFeedsViewController.swift */; };
		1281FA6721F5D80100D54C3E /* NewPostViewController.swift in Sources */ = {isa = PBXBuildFile; fileRef = 1281FA6621F5D80100D54C3E /* NewPostViewController.swift */; };
		1281FA6921F5D81600D54C3E /* ProfileViewController.swift in Sources */ = {isa = PBXBuildFile; fileRef = 1281FA6821F5D81600D54C3E /* ProfileViewController.swift */; };
		1281FA6B21F5DE2700D54C3E /* NewFeedsCollectionViewController.swift in Sources */ = {isa = PBXBuildFile; fileRef = 1281FA6A21F5DE2700D54C3E /* NewFeedsCollectionViewController.swift */; };
		1281FA7121F5ECE000D54C3E /* PostCollectionViewCell.swift in Sources */ = {isa = PBXBuildFile; fileRef = 1281FA7021F5ECE000D54C3E /* PostCollectionViewCell.swift */; };
		1281FA7621F5FDBA00D54C3E /* NewFeedsPresenter.swift in Sources */ = {isa = PBXBuildFile; fileRef = 1281FA7521F5FDBA00D54C3E /* NewFeedsPresenter.swift */; };
		1281FA7821F5FDCD00D54C3E /* NewPostPresenter.swift in Sources */ = {isa = PBXBuildFile; fileRef = 1281FA7721F5FDCD00D54C3E /* NewPostPresenter.swift */; };
		1281FA7A21F5FDE100D54C3E /* ProfilePresenter.swift in Sources */ = {isa = PBXBuildFile; fileRef = 1281FA7921F5FDE100D54C3E /* ProfilePresenter.swift */; };
		12D6C25721F1D8F7000B499B /* AppDelegate.swift in Sources */ = {isa = PBXBuildFile; fileRef = 12D6C25621F1D8F7000B499B /* AppDelegate.swift */; };
		12D6C25921F1D8F7000B499B /* RootTabBarViewController.swift in Sources */ = {isa = PBXBuildFile; fileRef = 12D6C25821F1D8F7000B499B /* RootTabBarViewController.swift */; };
		12D6C25C21F1D8F7000B499B /* Main.storyboard in Resources */ = {isa = PBXBuildFile; fileRef = 12D6C25A21F1D8F7000B499B /* Main.storyboard */; };
		12D6C25E21F1D8F8000B499B /* Assets.xcassets in Resources */ = {isa = PBXBuildFile; fileRef = 12D6C25D21F1D8F8000B499B /* Assets.xcassets */; };
		12D6C26121F1D8F8000B499B /* LaunchScreen.storyboard in Resources */ = {isa = PBXBuildFile; fileRef = 12D6C25F21F1D8F8000B499B /* LaunchScreen.storyboard */; };
		858B813B2DE41AECD130EBE3 /* Pods_SEEK.framework in Frameworks */ = {isa = PBXBuildFile; fileRef = 78333F333032D3EF4BE0CB2F /* Pods_SEEK.framework */; };
/* End PBXBuildFile section */

/* Begin PBXFileReference section */
		1281FA5B21F5C51A00D54C3E /* NewFeedsViewController.swift */ = {isa = PBXFileReference; lastKnownFileType = sourcecode.swift; path = NewFeedsViewController.swift; sourceTree = "<group>"; };
		1281FA6621F5D80100D54C3E /* NewPostViewController.swift */ = {isa = PBXFileReference; lastKnownFileType = sourcecode.swift; path = NewPostViewController.swift; sourceTree = "<group>"; };
		1281FA6821F5D81600D54C3E /* ProfileViewController.swift */ = {isa = PBXFileReference; lastKnownFileType = sourcecode.swift; path = ProfileViewController.swift; sourceTree = "<group>"; };
		1281FA6A21F5DE2700D54C3E /* NewFeedsCollectionViewController.swift */ = {isa = PBXFileReference; lastKnownFileType = sourcecode.swift; path = NewFeedsCollectionViewController.swift; sourceTree = "<group>"; };
		1281FA7021F5ECE000D54C3E /* PostCollectionViewCell.swift */ = {isa = PBXFileReference; lastKnownFileType = sourcecode.swift; path = PostCollectionViewCell.swift; sourceTree = "<group>"; };
		1281FA7521F5FDBA00D54C3E /* NewFeedsPresenter.swift */ = {isa = PBXFileReference; lastKnownFileType = sourcecode.swift; path = NewFeedsPresenter.swift; sourceTree = "<group>"; };
		1281FA7721F5FDCD00D54C3E /* NewPostPresenter.swift */ = {isa = PBXFileReference; lastKnownFileType = sourcecode.swift; path = NewPostPresenter.swift; sourceTree = "<group>"; };
		1281FA7921F5FDE100D54C3E /* ProfilePresenter.swift */ = {isa = PBXFileReference; lastKnownFileType = sourcecode.swift; path = ProfilePresenter.swift; sourceTree = "<group>"; };
		12D6C25321F1D8F7000B499B /* SEEK.app */ = {isa = PBXFileReference; explicitFileType = wrapper.application; includeInIndex = 0; path = SEEK.app; sourceTree = BUILT_PRODUCTS_DIR; };
		12D6C25621F1D8F7000B499B /* AppDelegate.swift */ = {isa = PBXFileReference; lastKnownFileType = sourcecode.swift; path = AppDelegate.swift; sourceTree = "<group>"; };
		12D6C25821F1D8F7000B499B /* RootTabBarViewController.swift */ = {isa = PBXFileReference; lastKnownFileType = sourcecode.swift; path = RootTabBarViewController.swift; sourceTree = "<group>"; };
		12D6C25B21F1D8F7000B499B /* Base */ = {isa = PBXFileReference; lastKnownFileType = file.storyboard; name = Base; path = Base.lproj/Main.storyboard; sourceTree = "<group>"; };
		12D6C25D21F1D8F8000B499B /* Assets.xcassets */ = {isa = PBXFileReference; lastKnownFileType = folder.assetcatalog; path = Assets.xcassets; sourceTree = "<group>"; };
		12D6C26021F1D8F8000B499B /* Base */ = {isa = PBXFileReference; lastKnownFileType = file.storyboard; name = Base; path = Base.lproj/LaunchScreen.storyboard; sourceTree = "<group>"; };
		12D6C26221F1D8F8000B499B /* Info.plist */ = {isa = PBXFileReference; lastKnownFileType = text.plist.xml; path = Info.plist; sourceTree = "<group>"; };
		78333F333032D3EF4BE0CB2F /* Pods_SEEK.framework */ = {isa = PBXFileReference; explicitFileType = wrapper.framework; includeInIndex = 0; path = Pods_SEEK.framework; sourceTree = BUILT_PRODUCTS_DIR; };
		8664942FBEF39DFCF67E5C17 /* Pods-SEEK.debug.xcconfig */ = {isa = PBXFileReference; includeInIndex = 1; lastKnownFileType = text.xcconfig; name = "Pods-SEEK.debug.xcconfig"; path = "Pods/Target Support Files/Pods-SEEK/Pods-SEEK.debug.xcconfig"; sourceTree = "<group>"; };
		E7B4E61FE322983E3890894E /* Pods-SEEK.release.xcconfig */ = {isa = PBXFileReference; includeInIndex = 1; lastKnownFileType = text.xcconfig; name = "Pods-SEEK.release.xcconfig"; path = "Pods/Target Support Files/Pods-SEEK/Pods-SEEK.release.xcconfig"; sourceTree = "<group>"; };
/* End PBXFileReference section */

/* Begin PBXFrameworksBuildPhase section */
		12D6C25021F1D8F7000B499B /* Frameworks */ = {
			isa = PBXFrameworksBuildPhase;
			buildActionMask = 2147483647;
			files = (
				858B813B2DE41AECD130EBE3 /* Pods_SEEK.framework in Frameworks */,
			);
			runOnlyForDeploymentPostprocessing = 0;
		};
/* End PBXFrameworksBuildPhase section */

/* Begin PBXGroup section */
		1281FA4F21F55F8F00D54C3E /* Module */ = {
			isa = PBXGroup;
			children = (
				1281FA5821F5C4CC00D54C3E /* NewFeeds */,
				1281FA5A21F5C4DF00D54C3E /* NewPost */,
				1281FA5921F5C4D700D54C3E /* Profile */,
				1281FA6F21F5EC9100D54C3E /* Root */,
			);
			path = Module;
			sourceTree = "<group>";
		};
		1281FA5021F55F9D00D54C3E /* LaunchScreen */ = {
			isa = PBXGroup;
			children = (
				12D6C25F21F1D8F8000B499B /* LaunchScreen.storyboard */,
			);
			path = LaunchScreen;
			sourceTree = "<group>";
		};
		1281FA5821F5C4CC00D54C3E /* NewFeeds */ = {
			isa = PBXGroup;
			children = (
				1281FA7221F5FD9800D54C3E /* Presenter */,
				1281FA6C21F5EC1E00D54C3E /* View */,
			);
			path = NewFeeds;
			sourceTree = "<group>";
		};
		1281FA5921F5C4D700D54C3E /* Profile */ = {
			isa = PBXGroup;
			children = (
				1281FA7421F5FDA700D54C3E /* Presenter */,
				1281FA6E21F5EC3100D54C3E /* View */,
			);
			path = Profile;
			sourceTree = "<group>";
		};
		1281FA5A21F5C4DF00D54C3E /* NewPost */ = {
			isa = PBXGroup;
			children = (
				1281FA7321F5FD9F00D54C3E /* Presenter */,
				1281FA6D21F5EC2A00D54C3E /* View */,
			);
			path = NewPost;
			sourceTree = "<group>";
		};
		1281FA6C21F5EC1E00D54C3E /* View */ = {
			isa = PBXGroup;
			children = (
				1281FA6A21F5DE2700D54C3E /* NewFeedsCollectionViewController.swift */,
				1281FA5B21F5C51A00D54C3E /* NewFeedsViewController.swift */,
				1281FA7021F5ECE000D54C3E /* PostCollectionViewCell.swift */,
			);
			path = View;
			sourceTree = "<group>";
		};
		1281FA6D21F5EC2A00D54C3E /* View */ = {
			isa = PBXGroup;
			children = (
				1281FA6621F5D80100D54C3E /* NewPostViewController.swift */,
			);
			path = View;
			sourceTree = "<group>";
		};
		1281FA6E21F5EC3100D54C3E /* View */ = {
			isa = PBXGroup;
			children = (
				1281FA6821F5D81600D54C3E /* ProfileViewController.swift */,
			);
			path = View;
			sourceTree = "<group>";
		};
		1281FA6F21F5EC9100D54C3E /* Root */ = {
			isa = PBXGroup;
			children = (
				12D6C25821F1D8F7000B499B /* RootTabBarViewController.swift */,
			);
			path = Root;
			sourceTree = "<group>";
		};
		1281FA7221F5FD9800D54C3E /* Presenter */ = {
			isa = PBXGroup;
			children = (
				1281FA7521F5FDBA00D54C3E /* NewFeedsPresenter.swift */,
			);
			path = Presenter;
			sourceTree = "<group>";
		};
		1281FA7321F5FD9F00D54C3E /* Presenter */ = {
			isa = PBXGroup;
			children = (
				1281FA7721F5FDCD00D54C3E /* NewPostPresenter.swift */,
			);
			path = Presenter;
			sourceTree = "<group>";
		};
		1281FA7421F5FDA700D54C3E /* Presenter */ = {
			isa = PBXGroup;
			children = (
				1281FA7921F5FDE100D54C3E /* ProfilePresenter.swift */,
			);
			path = Presenter;
			sourceTree = "<group>";
		};
		12D6C24A21F1D8F7000B499B = {
			isa = PBXGroup;
			children = (
				12D6C25521F1D8F7000B499B /* SEEK */,
				12D6C25421F1D8F7000B499B /* Products */,
				1EE8913805A2F81D17CB7477 /* Pods */,
				89B0F7BFC3B049329793223A /* Frameworks */,
			);
			sourceTree = "<group>";
		};
		12D6C25421F1D8F7000B499B /* Products */ = {
			isa = PBXGroup;
			children = (
				12D6C25321F1D8F7000B499B /* SEEK.app */,
			);
			name = Products;
			sourceTree = "<group>";
		};
		12D6C25521F1D8F7000B499B /* SEEK */ = {
			isa = PBXGroup;
			children = (
				12D6C25621F1D8F7000B499B /* AppDelegate.swift */,
				12D6C25D21F1D8F8000B499B /* Assets.xcassets */,
				12D6C26221F1D8F8000B499B /* Info.plist */,
				12D6C25A21F1D8F7000B499B /* Main.storyboard */,
				1281FA4F21F55F8F00D54C3E /* Module */,
				1281FA5021F55F9D00D54C3E /* LaunchScreen */,
			);
			path = SEEK;
			sourceTree = "<group>";
		};
		1EE8913805A2F81D17CB7477 /* Pods */ = {
			isa = PBXGroup;
			children = (
				8664942FBEF39DFCF67E5C17 /* Pods-SEEK.debug.xcconfig */,
				E7B4E61FE322983E3890894E /* Pods-SEEK.release.xcconfig */,
			);
			name = Pods;
			sourceTree = "<group>";
		};
		89B0F7BFC3B049329793223A /* Frameworks */ = {
			isa = PBXGroup;
			children = (
				78333F333032D3EF4BE0CB2F /* Pods_SEEK.framework */,
			);
			name = Frameworks;
			sourceTree = "<group>";
		};
/* End PBXGroup section */

/* Begin PBXNativeTarget section */
		12D6C25221F1D8F7000B499B /* SEEK */ = {
			isa = PBXNativeTarget;
			buildConfigurationList = 12D6C26521F1D8F8000B499B /* Build configuration list for PBXNativeTarget "SEEK" */;
			buildPhases = (
				83F9321D0F01CFD0A6F96016 /* [CP] Check Pods Manifest.lock */,
				12D6C24F21F1D8F7000B499B /* Sources */,
				12D6C25021F1D8F7000B499B /* Frameworks */,
				12D6C25121F1D8F7000B499B /* Resources */,
				91281695A62876C5AB2703AC /* [CP] Embed Pods Frameworks */,
			);
			buildRules = (
			);
			dependencies = (
			);
			name = SEEK;
			productName = SEEK;
			productReference = 12D6C25321F1D8F7000B499B /* SEEK.app */;
			productType = "com.apple.product-type.application";
		};
/* End PBXNativeTarget section */

/* Begin PBXProject section */
		12D6C24B21F1D8F7000B499B /* Project object */ = {
			isa = PBXProject;
			attributes = {
				LastSwiftUpdateCheck = 1010;
				LastUpgradeCheck = 1010;
				ORGANIZATIONNAME = oatThanut;
				TargetAttributes = {
					12D6C25221F1D8F7000B499B = {
						CreatedOnToolsVersion = 10.1;
					};
				};
			};
			buildConfigurationList = 12D6C24E21F1D8F7000B499B /* Build configuration list for PBXProject "SEEK" */;
			compatibilityVersion = "Xcode 9.3";
			developmentRegion = en;
			hasScannedForEncodings = 0;
			knownRegions = (
				en,
				Base,
			);
			mainGroup = 12D6C24A21F1D8F7000B499B;
			productRefGroup = 12D6C25421F1D8F7000B499B /* Products */;
			projectDirPath = "";
			projectRoot = "";
			targets = (
				12D6C25221F1D8F7000B499B /* SEEK */,
			);
		};
/* End PBXProject section */

/* Begin PBXResourcesBuildPhase section */
		12D6C25121F1D8F7000B499B /* Resources */ = {
			isa = PBXResourcesBuildPhase;
			buildActionMask = 2147483647;
			files = (
				12D6C26121F1D8F8000B499B /* LaunchScreen.storyboard in Resources */,
				12D6C25E21F1D8F8000B499B /* Assets.xcassets in Resources */,
				12D6C25C21F1D8F7000B499B /* Main.storyboard in Resources */,
			);
			runOnlyForDeploymentPostprocessing = 0;
		};
/* End PBXResourcesBuildPhase section */

/* Begin PBXShellScriptBuildPhase section */
		83F9321D0F01CFD0A6F96016 /* [CP] Check Pods Manifest.lock */ = {
			isa = PBXShellScriptBuildPhase;
			buildActionMask = 2147483647;
			files = (
			);
			inputFileListPaths = (
			);
			inputPaths = (
				"${PODS_PODFILE_DIR_PATH}/Podfile.lock",
				"${PODS_ROOT}/Manifest.lock",
			);
			name = "[CP] Check Pods Manifest.lock";
			outputFileListPaths = (
			);
			outputPaths = (
				"$(DERIVED_FILE_DIR)/Pods-SEEK-checkManifestLockResult.txt",
			);
			runOnlyForDeploymentPostprocessing = 0;
			shellPath = /bin/sh;
			shellScript = "diff \"${PODS_PODFILE_DIR_PATH}/Podfile.lock\" \"${PODS_ROOT}/Manifest.lock\" > /dev/null\nif [ $? != 0 ] ; then\n    # print error to STDERR\n    echo \"error: The sandbox is not in sync with the Podfile.lock. Run 'pod install' or update your CocoaPods installation.\" >&2\n    exit 1\nfi\n# This output is used by Xcode 'outputs' to avoid re-running this script phase.\necho \"SUCCESS\" > \"${SCRIPT_OUTPUT_FILE_0}\"\n";
			showEnvVarsInLog = 0;
		};
		91281695A62876C5AB2703AC /* [CP] Embed Pods Frameworks */ = {
			isa = PBXShellScriptBuildPhase;
			buildActionMask = 2147483647;
			files = (
			);
			inputFileListPaths = (
			);
			inputPaths = (
				"${SRCROOT}/Pods/Target Support Files/Pods-SEEK/Pods-SEEK-frameworks.sh",
				"${BUILT_PRODUCTS_DIR}/Alamofire/Alamofire.framework",
				"${BUILT_PRODUCTS_DIR}/Moya/Moya.framework",
				"${BUILT_PRODUCTS_DIR}/Result/Result.framework",
				"${BUILT_PRODUCTS_DIR}/RxAtomic/RxAtomic.framework",
				"${BUILT_PRODUCTS_DIR}/RxCocoa/RxCocoa.framework",
				"${BUILT_PRODUCTS_DIR}/RxSwift/RxSwift.framework",
			);
			name = "[CP] Embed Pods Frameworks";
			outputFileListPaths = (
			);
			outputPaths = (
				"${TARGET_BUILD_DIR}/${FRAMEWORKS_FOLDER_PATH}/Alamofire.framework",
				"${TARGET_BUILD_DIR}/${FRAMEWORKS_FOLDER_PATH}/Moya.framework",
				"${TARGET_BUILD_DIR}/${FRAMEWORKS_FOLDER_PATH}/Result.framework",
				"${TARGET_BUILD_DIR}/${FRAMEWORKS_FOLDER_PATH}/RxAtomic.framework",
				"${TARGET_BUILD_DIR}/${FRAMEWORKS_FOLDER_PATH}/RxCocoa.framework",
				"${TARGET_BUILD_DIR}/${FRAMEWORKS_FOLDER_PATH}/RxSwift.framework",
			);
			runOnlyForDeploymentPostprocessing = 0;
			shellPath = /bin/sh;
			shellScript = "\"${SRCROOT}/Pods/Target Support Files/Pods-SEEK/Pods-SEEK-frameworks.sh\"\n";
			showEnvVarsInLog = 0;
		};
/* End PBXShellScriptBuildPhase section */

/* Begin PBXSourcesBuildPhase section */
		12D6C24F21F1D8F7000B499B /* Sources */ = {
			isa = PBXSourcesBuildPhase;
			buildActionMask = 2147483647;
			files = (
				12D6C25921F1D8F7000B499B /* RootTabBarViewController.swift in Sources */,
				1281FA6721F5D80100D54C3E /* NewPostViewController.swift in Sources */,
				1281FA6921F5D81600D54C3E /* ProfileViewController.swift in Sources */,
				1281FA7621F5FDBA00D54C3E /* NewFeedsPresenter.swift in Sources */,
				12D6C25721F1D8F7000B499B /* AppDelegate.swift in Sources */,
				1281FA7821F5FDCD00D54C3E /* NewPostPresenter.swift in Sources */,
				1281FA5C21F5C51A00D54C3E /* NewFeedsViewController.swift in Sources */,
				1281FA7121F5ECE000D54C3E /* PostCollectionViewCell.swift in Sources */,
				1281FA7A21F5FDE100D54C3E /* ProfilePresenter.swift in Sources */,
				1281FA6B21F5DE2700D54C3E /* NewFeedsCollectionViewController.swift in Sources */,
			);
			runOnlyForDeploymentPostprocessing = 0;
		};
/* End PBXSourcesBuildPhase section */

/* Begin PBXVariantGroup section */
		12D6C25A21F1D8F7000B499B /* Main.storyboard */ = {
			isa = PBXVariantGroup;
			children = (
				12D6C25B21F1D8F7000B499B /* Base */,
			);
			name = Main.storyboard;
			sourceTree = "<group>";
		};
		12D6C25F21F1D8F8000B499B /* LaunchScreen.storyboard */ = {
			isa = PBXVariantGroup;
			children = (
				12D6C26021F1D8F8000B499B /* Base */,
			);
			name = LaunchScreen.storyboard;
			sourceTree = "<group>";
		};
/* End PBXVariantGroup section */

/* Begin XCBuildConfiguration section */
		12D6C26321F1D8F8000B499B /* Debug */ = {
			isa = XCBuildConfiguration;
			buildSettings = {
				ALWAYS_SEARCH_USER_PATHS = NO;
				CLANG_ANALYZER_NONNULL = YES;
				CLANG_ANALYZER_NUMBER_OBJECT_CONVERSION = YES_AGGRESSIVE;
				CLANG_CXX_LANGUAGE_STANDARD = "gnu++14";
				CLANG_CXX_LIBRARY = "libc++";
				CLANG_ENABLE_MODULES = YES;
				CLANG_ENABLE_OBJC_ARC = YES;
				CLANG_ENABLE_OBJC_WEAK = YES;
				CLANG_WARN_BLOCK_CAPTURE_AUTORELEASING = YES;
				CLANG_WARN_BOOL_CONVERSION = YES;
				CLANG_WARN_COMMA = YES;
				CLANG_WARN_CONSTANT_CONVERSION = YES;
				CLANG_WARN_DEPRECATED_OBJC_IMPLEMENTATIONS = YES;
				CLANG_WARN_DIRECT_OBJC_ISA_USAGE = YES_ERROR;
				CLANG_WARN_DOCUMENTATION_COMMENTS = YES;
				CLANG_WARN_EMPTY_BODY = YES;
				CLANG_WARN_ENUM_CONVERSION = YES;
				CLANG_WARN_INFINITE_RECURSION = YES;
				CLANG_WARN_INT_CONVERSION = YES;
				CLANG_WARN_NON_LITERAL_NULL_CONVERSION = YES;
				CLANG_WARN_OBJC_IMPLICIT_RETAIN_SELF = YES;
				CLANG_WARN_OBJC_LITERAL_CONVERSION = YES;
				CLANG_WARN_OBJC_ROOT_CLASS = YES_ERROR;
				CLANG_WARN_RANGE_LOOP_ANALYSIS = YES;
				CLANG_WARN_STRICT_PROTOTYPES = YES;
				CLANG_WARN_SUSPICIOUS_MOVE = YES;
				CLANG_WARN_UNGUARDED_AVAILABILITY = YES_AGGRESSIVE;
				CLANG_WARN_UNREACHABLE_CODE = YES;
				CLANG_WARN__DUPLICATE_METHOD_MATCH = YES;
				CODE_SIGN_IDENTITY = "iPhone Developer";
				COPY_PHASE_STRIP = NO;
				DEBUG_INFORMATION_FORMAT = dwarf;
				ENABLE_STRICT_OBJC_MSGSEND = YES;
				ENABLE_TESTABILITY = YES;
				GCC_C_LANGUAGE_STANDARD = gnu11;
				GCC_DYNAMIC_NO_PIC = NO;
				GCC_NO_COMMON_BLOCKS = YES;
				GCC_OPTIMIZATION_LEVEL = 0;
				GCC_PREPROCESSOR_DEFINITIONS = (
					"DEBUG=1",
					"$(inherited)",
				);
				GCC_WARN_64_TO_32_BIT_CONVERSION = YES;
				GCC_WARN_ABOUT_RETURN_TYPE = YES_ERROR;
				GCC_WARN_UNDECLARED_SELECTOR = YES;
				GCC_WARN_UNINITIALIZED_AUTOS = YES_AGGRESSIVE;
				GCC_WARN_UNUSED_FUNCTION = YES;
				GCC_WARN_UNUSED_VARIABLE = YES;
				IPHONEOS_DEPLOYMENT_TARGET = 12.1;
				MTL_ENABLE_DEBUG_INFO = INCLUDE_SOURCE;
				MTL_FAST_MATH = YES;
				ONLY_ACTIVE_ARCH = YES;
				SDKROOT = iphoneos;
				SWIFT_ACTIVE_COMPILATION_CONDITIONS = DEBUG;
				SWIFT_OPTIMIZATION_LEVEL = "-Onone";
			};
			name = Debug;
		};
		12D6C26421F1D8F8000B499B /* Release */ = {
			isa = XCBuildConfiguration;
			buildSettings = {
				ALWAYS_SEARCH_USER_PATHS = NO;
				CLANG_ANALYZER_NONNULL = YES;
				CLANG_ANALYZER_NUMBER_OBJECT_CONVERSION = YES_AGGRESSIVE;
				CLANG_CXX_LANGUAGE_STANDARD = "gnu++14";
				CLANG_CXX_LIBRARY = "libc++";
				CLANG_ENABLE_MODULES = YES;
				CLANG_ENABLE_OBJC_ARC = YES;
				CLANG_ENABLE_OBJC_WEAK = YES;
				CLANG_WARN_BLOCK_CAPTURE_AUTORELEASING = YES;
				CLANG_WARN_BOOL_CONVERSION = YES;
				CLANG_WARN_COMMA = YES;
				CLANG_WARN_CONSTANT_CONVERSION = YES;
				CLANG_WARN_DEPRECATED_OBJC_IMPLEMENTATIONS = YES;
				CLANG_WARN_DIRECT_OBJC_ISA_USAGE = YES_ERROR;
				CLANG_WARN_DOCUMENTATION_COMMENTS = YES;
				CLANG_WARN_EMPTY_BODY = YES;
				CLANG_WARN_ENUM_CONVERSION = YES;
				CLANG_WARN_INFINITE_RECURSION = YES;
				CLANG_WARN_INT_CONVERSION = YES;
				CLANG_WARN_NON_LITERAL_NULL_CONVERSION = YES;
				CLANG_WARN_OBJC_IMPLICIT_RETAIN_SELF = YES;
				CLANG_WARN_OBJC_LITERAL_CONVERSION = YES;
				CLANG_WARN_OBJC_ROOT_CLASS = YES_ERROR;
				CLANG_WARN_RANGE_LOOP_ANALYSIS = YES;
				CLANG_WARN_STRICT_PROTOTYPES = YES;
				CLANG_WARN_SUSPICIOUS_MOVE = YES;
				CLANG_WARN_UNGUARDED_AVAILABILITY = YES_AGGRESSIVE;
				CLANG_WARN_UNREACHABLE_CODE = YES;
				CLANG_WARN__DUPLICATE_METHOD_MATCH = YES;
				CODE_SIGN_IDENTITY = "iPhone Developer";
				COPY_PHASE_STRIP = NO;
				DEBUG_INFORMATION_FORMAT = "dwarf-with-dsym";
				ENABLE_NS_ASSERTIONS = NO;
				ENABLE_STRICT_OBJC_MSGSEND = YES;
				GCC_C_LANGUAGE_STANDARD = gnu11;
				GCC_NO_COMMON_BLOCKS = YES;
				GCC_WARN_64_TO_32_BIT_CONVERSION = YES;
				GCC_WARN_ABOUT_RETURN_TYPE = YES_ERROR;
				GCC_WARN_UNDECLARED_SELECTOR = YES;
				GCC_WARN_UNINITIALIZED_AUTOS = YES_AGGRESSIVE;
				GCC_WARN_UNUSED_FUNCTION = YES;
				GCC_WARN_UNUSED_VARIABLE = YES;
				IPHONEOS_DEPLOYMENT_TARGET = 12.1;
				MTL_ENABLE_DEBUG_INFO = NO;
				MTL_FAST_MATH = YES;
				SDKROOT = iphoneos;
				SWIFT_COMPILATION_MODE = wholemodule;
				SWIFT_OPTIMIZATION_LEVEL = "-O";
				VALIDATE_PRODUCT = YES;
			};
			name = Release;
		};
		12D6C26621F1D8F8000B499B /* Debug */ = {
			isa = XCBuildConfiguration;
			baseConfigurationReference = 8664942FBEF39DFCF67E5C17 /* Pods-SEEK.debug.xcconfig */;
			buildSettings = {
				ASSETCATALOG_COMPILER_APPICON_NAME = AppIcon;
				CODE_SIGN_STYLE = Automatic;
				DEVELOPMENT_TEAM = F3NL8W8JS6;
				INFOPLIST_FILE = SEEK/Info.plist;
				LD_RUNPATH_SEARCH_PATHS = (
					"$(inherited)",
					"@executable_path/Frameworks",
				);
				PRODUCT_BUNDLE_IDENTIFIER = com.SEEK.iOS;
				PRODUCT_NAME = "$(TARGET_NAME)";
				SWIFT_VERSION = 4.2;
				TARGETED_DEVICE_FAMILY = "1,2";
			};
			name = Debug;
		};
		12D6C26721F1D8F8000B499B /* Release */ = {
			isa = XCBuildConfiguration;
			baseConfigurationReference = E7B4E61FE322983E3890894E /* Pods-SEEK.release.xcconfig */;
			buildSettings = {
				ASSETCATALOG_COMPILER_APPICON_NAME = AppIcon;
				CODE_SIGN_STYLE = Automatic;
				DEVELOPMENT_TEAM = F3NL8W8JS6;
				INFOPLIST_FILE = SEEK/Info.plist;
				LD_RUNPATH_SEARCH_PATHS = (
					"$(inherited)",
					"@executable_path/Frameworks",
				);
				PRODUCT_BUNDLE_IDENTIFIER = com.SEEK.iOS;
				PRODUCT_NAME = "$(TARGET_NAME)";
				SWIFT_VERSION = 4.2;
				TARGETED_DEVICE_FAMILY = "1,2";
			};
			name = Release;
		};
/* End XCBuildConfiguration section */

/* Begin XCConfigurationList section */
		12D6C24E21F1D8F7000B499B /* Build configuration list for PBXProject "SEEK" */ = {
			isa = XCConfigurationList;
			buildConfigurations = (
				12D6C26321F1D8F8000B499B /* Debug */,
				12D6C26421F1D8F8000B499B /* Release */,
			);
			defaultConfigurationIsVisible = 0;
			defaultConfigurationName = Release;
		};
		12D6C26521F1D8F8000B499B /* Build configuration list for PBXNativeTarget "SEEK" */ = {
			isa = XCConfigurationList;
			buildConfigurations = (
				12D6C26621F1D8F8000B499B /* Debug */,
				12D6C26721F1D8F8000B499B /* Release */,
			);
			defaultConfigurationIsVisible = 0;
			defaultConfigurationName = Release;
		};
/* End XCConfigurationList section */
	};
	rootObject = 12D6C24B21F1D8F7000B499B /* Project object */;
}
