// !$*UTF8*$!
{
	archiveVersion = 1;
	classes = {
	};
	objectVersion = 50;
	objects = {

/* Begin PBXBuildFile section */
		1214140921F6F48100EBAA3A /* Shared.h in Headers */ = {isa = PBXBuildFile; fileRef = 1214140721F6F48100EBAA3A /* Shared.h */; settings = {ATTRIBUTES = (Public, ); }; };
		1214140C21F6F48100EBAA3A /* Shared.framework in Frameworks */ = {isa = PBXBuildFile; fileRef = 1214140521F6F48100EBAA3A /* Shared.framework */; };
		1214140D21F6F48100EBAA3A /* Shared.framework in Embed Frameworks */ = {isa = PBXBuildFile; fileRef = 1214140521F6F48100EBAA3A /* Shared.framework */; settings = {ATTRIBUTES = (CodeSignOnCopy, RemoveHeadersOnCopy, ); }; };
		1214141721F6F4C200EBAA3A /* ViewType.swift in Sources */ = {isa = PBXBuildFile; fileRef = 1214141321F6F4C200EBAA3A /* ViewType.swift */; };
		1214141821F6F4C200EBAA3A /* PresenterType.swift in Sources */ = {isa = PBXBuildFile; fileRef = 1214141421F6F4C200EBAA3A /* PresenterType.swift */; };
		1214141921F6F4C200EBAA3A /* BuilderType.swift in Sources */ = {isa = PBXBuildFile; fileRef = 1214141521F6F4C200EBAA3A /* BuilderType.swift */; };
		1214141A21F6F4C200EBAA3A /* RouterType.swift in Sources */ = {isa = PBXBuildFile; fileRef = 1214141621F6F4C200EBAA3A /* RouterType.swift */; };
		1214141E21F6F58900EBAA3A /* Shared.swift in Sources */ = {isa = PBXBuildFile; fileRef = 1214141D21F6F58900EBAA3A /* Shared.swift */; };
		1214142421F9978A00EBAA3A /* NewFeedsPresenterType.swift in Sources */ = {isa = PBXBuildFile; fileRef = 1214142321F9978A00EBAA3A /* NewFeedsPresenterType.swift */; };
		1214142621F997D700EBAA3A /* NewFeedsViewType.swift in Sources */ = {isa = PBXBuildFile; fileRef = 1214142521F997D700EBAA3A /* NewFeedsViewType.swift */; };
		1214143322004EAF00EBAA3A /* PostViewController.swift in Sources */ = {isa = PBXBuildFile; fileRef = 1214143222004EAF00EBAA3A /* PostViewController.swift */; };
		121414352200902200EBAA3A /* OrderListView.swift in Sources */ = {isa = PBXBuildFile; fileRef = 121414342200902200EBAA3A /* OrderListView.swift */; };
		1214143A2201E5AA00EBAA3A /* PostViewType.swift in Sources */ = {isa = PBXBuildFile; fileRef = 121414392201E5AA00EBAA3A /* PostViewType.swift */; };
		1214143C2201E5BD00EBAA3A /* PostPresenterType.swift in Sources */ = {isa = PBXBuildFile; fileRef = 1214143B2201E5BD00EBAA3A /* PostPresenterType.swift */; };
		1214143F2201E5D300EBAA3A /* PostPresenter.swift in Sources */ = {isa = PBXBuildFile; fileRef = 1214143E2201E5D300EBAA3A /* PostPresenter.swift */; };
		1256A2D72258A0C80091E0BF /* GrandTotalView.swift in Sources */ = {isa = PBXBuildFile; fileRef = 1256A2D62258A0C80091E0BF /* GrandTotalView.swift */; };
		1256A2E0225A116E0091E0BF /* OrderStatusBarView.swift in Sources */ = {isa = PBXBuildFile; fileRef = 1256A2DF225A116E0091E0BF /* OrderStatusBarView.swift */; };
		1256A2E6225A3D940091E0BF /* PostRouter.swift in Sources */ = {isa = PBXBuildFile; fileRef = 1256A2E5225A3D940091E0BF /* PostRouter.swift */; };
		1257E33B2237C35500CBE0E6 /* TitleWithDisclosureView.swift in Sources */ = {isa = PBXBuildFile; fileRef = 1257E33A2237C35500CBE0E6 /* TitleWithDisclosureView.swift */; };
		1257E36F2240CC4600CBE0E6 /* ProfilePresenterType.swift in Sources */ = {isa = PBXBuildFile; fileRef = 1257E36E2240CC4600CBE0E6 /* ProfilePresenterType.swift */; };
		127DAAE72254A5D8001AE7E9 /* ItemListView.swift in Sources */ = {isa = PBXBuildFile; fileRef = 127DAAE62254A5D8001AE7E9 /* ItemListView.swift */; };
		1281FA5C21F5C51A00D54C3E /* NewFeedsViewController.swift in Sources */ = {isa = PBXBuildFile; fileRef = 1281FA5B21F5C51A00D54C3E /* NewFeedsViewController.swift */; };
		1281FA6721F5D80100D54C3E /* CreatePostViewController.swift in Sources */ = {isa = PBXBuildFile; fileRef = 1281FA6621F5D80100D54C3E /* CreatePostViewController.swift */; };
		1281FA6921F5D81600D54C3E /* ProfileViewController.swift in Sources */ = {isa = PBXBuildFile; fileRef = 1281FA6821F5D81600D54C3E /* ProfileViewController.swift */; };
		1281FA6B21F5DE2700D54C3E /* NewFeedsCollectionViewController.swift in Sources */ = {isa = PBXBuildFile; fileRef = 1281FA6A21F5DE2700D54C3E /* NewFeedsCollectionViewController.swift */; };
		1281FA7121F5ECE000D54C3E /* PostCollectionViewCell.swift in Sources */ = {isa = PBXBuildFile; fileRef = 1281FA7021F5ECE000D54C3E /* PostCollectionViewCell.swift */; };
		1281FA7621F5FDBA00D54C3E /* NewFeedsPresenter.swift in Sources */ = {isa = PBXBuildFile; fileRef = 1281FA7521F5FDBA00D54C3E /* NewFeedsPresenter.swift */; };
		1281FA7821F5FDCD00D54C3E /* CreatePostPresenter.swift in Sources */ = {isa = PBXBuildFile; fileRef = 1281FA7721F5FDCD00D54C3E /* CreatePostPresenter.swift */; };
		1281FA7A21F5FDE100D54C3E /* ProfilePresenter.swift in Sources */ = {isa = PBXBuildFile; fileRef = 1281FA7921F5FDE100D54C3E /* ProfilePresenter.swift */; };
		128D2B4C222BDAA7006E6EA5 /* CreatePostPresenterType.swift in Sources */ = {isa = PBXBuildFile; fileRef = 128D2B4B222BDAA7006E6EA5 /* CreatePostPresenterType.swift */; };
		128D2B4E222BDABA006E6EA5 /* CreatePostViewType.swift in Sources */ = {isa = PBXBuildFile; fileRef = 128D2B4D222BDABA006E6EA5 /* CreatePostViewType.swift */; };
		12D58DF5221BE9FE003827BA /* APIGatewayService.framework in Frameworks */ = {isa = PBXBuildFile; fileRef = 12F9CA4D221818D8002E94B0 /* APIGatewayService.framework */; };
		12D58DF6221BEA03003827BA /* Interactor.framework in Frameworks */ = {isa = PBXBuildFile; fileRef = 12F9CA6D2218276D002E94B0 /* Interactor.framework */; };
		12D58DF7221BEA0A003827BA /* Entity.framework in Frameworks */ = {isa = PBXBuildFile; fileRef = 12D58DE8221BCDB2003827BA /* Entity.framework */; };
		12D58DF8221BEA51003827BA /* APIGatewayService.framework in Embed Frameworks */ = {isa = PBXBuildFile; fileRef = 12F9CA4D221818D8002E94B0 /* APIGatewayService.framework */; settings = {ATTRIBUTES = (CodeSignOnCopy, RemoveHeadersOnCopy, ); }; };
		12D58DF9221BEA51003827BA /* Entity.framework in Embed Frameworks */ = {isa = PBXBuildFile; fileRef = 12D58DE8221BCDB2003827BA /* Entity.framework */; settings = {ATTRIBUTES = (CodeSignOnCopy, RemoveHeadersOnCopy, ); }; };
		12D58DFA221BEA51003827BA /* Interactor.framework in Embed Frameworks */ = {isa = PBXBuildFile; fileRef = 12F9CA6D2218276D002E94B0 /* Interactor.framework */; settings = {ATTRIBUTES = (CodeSignOnCopy, RemoveHeadersOnCopy, ); }; };
		12D6C25721F1D8F7000B499B /* AppDelegate.swift in Sources */ = {isa = PBXBuildFile; fileRef = 12D6C25621F1D8F7000B499B /* AppDelegate.swift */; };
		12D6C25921F1D8F7000B499B /* RootTabBarViewController.swift in Sources */ = {isa = PBXBuildFile; fileRef = 12D6C25821F1D8F7000B499B /* RootTabBarViewController.swift */; };
		12D6C25C21F1D8F7000B499B /* Main.storyboard in Resources */ = {isa = PBXBuildFile; fileRef = 12D6C25A21F1D8F7000B499B /* Main.storyboard */; };
		12D6C25E21F1D8F8000B499B /* Assets.xcassets in Resources */ = {isa = PBXBuildFile; fileRef = 12D6C25D21F1D8F8000B499B /* Assets.xcassets */; };
		12D6C26121F1D8F8000B499B /* LaunchScreen.storyboard in Resources */ = {isa = PBXBuildFile; fileRef = 12D6C25F21F1D8F8000B499B /* LaunchScreen.storyboard */; };
		12F670A1225F9D6F00C8DA5F /* ItemCheckView.swift in Sources */ = {isa = PBXBuildFile; fileRef = 12F670A0225F9D6F00C8DA5F /* ItemCheckView.swift */; };
		12F670A52262907300C8DA5F /* OrderProcessingViewController.swift in Sources */ = {isa = PBXBuildFile; fileRef = 12F670A42262907300C8DA5F /* OrderProcessingViewController.swift */; };
		12F670A8226290B900C8DA5F /* OrderProcessingPresenter.swift in Sources */ = {isa = PBXBuildFile; fileRef = 12F670A7226290B900C8DA5F /* OrderProcessingPresenter.swift */; };
		12F670AB226290D500C8DA5F /* OrderProcessingPresenterType.swift in Sources */ = {isa = PBXBuildFile; fileRef = 12F670AA226290D500C8DA5F /* OrderProcessingPresenterType.swift */; };
		12F670AF22634AFF00C8DA5F /* LoginViewController.swift in Sources */ = {isa = PBXBuildFile; fileRef = 12F670AE22634AFF00C8DA5F /* LoginViewController.swift */; };
		12F670B32263B31B00C8DA5F /* LoginPresenter.swift in Sources */ = {isa = PBXBuildFile; fileRef = 12F670B22263B31B00C8DA5F /* LoginPresenter.swift */; };
		12F670B62263B38900C8DA5F /* LoginPresenterType.swift in Sources */ = {isa = PBXBuildFile; fileRef = 12F670B52263B38900C8DA5F /* LoginPresenterType.swift */; };
		12F670B82263B3C600C8DA5F /* LoginRouter.swift in Sources */ = {isa = PBXBuildFile; fileRef = 12F670B72263B3C600C8DA5F /* LoginRouter.swift */; };
		12FAC0B7226500E2003B6AFE /* Pods_App_SEEK.framework in Frameworks */ = {isa = PBXBuildFile; fileRef = 6C0CE6B1DB05F7EFB27AAFF9 /* Pods_App_SEEK.framework */; settings = {ATTRIBUTES = (Weak, ); }; };
		12FAC0D722650948003B6AFE /* SignUpViewController.swift in Sources */ = {isa = PBXBuildFile; fileRef = 12FAC0D622650948003B6AFE /* SignUpViewController.swift */; };
		12FAC0DA22659DF9003B6AFE /* SignUpPresenter.swift in Sources */ = {isa = PBXBuildFile; fileRef = 12FAC0D922659DF9003B6AFE /* SignUpPresenter.swift */; };
		12FAC0DD22659E64003B6AFE /* SignUpRouter.swift in Sources */ = {isa = PBXBuildFile; fileRef = 12FAC0DC22659E64003B6AFE /* SignUpRouter.swift */; };
		12FAC0E02265E097003B6AFE /* ProfileRouter.swift in Sources */ = {isa = PBXBuildFile; fileRef = 12FAC0DF2265E097003B6AFE /* ProfileRouter.swift */; };
		12FAC0E72266FF87003B6AFE /* OrderHistoryViewController.swift in Sources */ = {isa = PBXBuildFile; fileRef = 12FAC0E62266FF87003B6AFE /* OrderHistoryViewController.swift */; };
		12FAC0EA22675C67003B6AFE /* OrderHistoryCollectionViewController.swift in Sources */ = {isa = PBXBuildFile; fileRef = 12FAC0E922675C67003B6AFE /* OrderHistoryCollectionViewController.swift */; };
		12FAC0EC2267A829003B6AFE /* OrderHistoryPresenter.swift in Sources */ = {isa = PBXBuildFile; fileRef = 12FAC0EB2267A829003B6AFE /* OrderHistoryPresenter.swift */; };
		12FAC0EF2267BBEA003B6AFE /* OrderHistoryPresenterType.swift in Sources */ = {isa = PBXBuildFile; fileRef = 12FAC0EE2267BBEA003B6AFE /* OrderHistoryPresenterType.swift */; };
		515C7CB8E62DF6D26BAE6EEF /* Pods_App_Shared.framework in Frameworks */ = {isa = PBXBuildFile; fileRef = EFBBCCA6D9C2DA968272DEF6 /* Pods_App_Shared.framework */; };
		65F411B52249550500F73C86 /* OrderPendingViewController.swift in Sources */ = {isa = PBXBuildFile; fileRef = 65F411B42249550500F73C86 /* OrderPendingViewController.swift */; };
		65F411B72249579E00F73C86 /* OrderPendingPresenterType.swift in Sources */ = {isa = PBXBuildFile; fileRef = 65F411B62249579E00F73C86 /* OrderPendingPresenterType.swift */; };
		65F411B9224957B700F73C86 /* OrderPendingViewType.swift in Sources */ = {isa = PBXBuildFile; fileRef = 65F411B8224957B700F73C86 /* OrderPendingViewType.swift */; };
		65F411BB2249582E00F73C86 /* OrderPendingPresenter.swift in Sources */ = {isa = PBXBuildFile; fileRef = 65F411BA2249582E00F73C86 /* OrderPendingPresenter.swift */; };
/* End PBXBuildFile section */

/* Begin PBXContainerItemProxy section */
		1214140A21F6F48100EBAA3A /* PBXContainerItemProxy */ = {
			isa = PBXContainerItemProxy;
			containerPortal = 12D6C24B21F1D8F7000B499B /* Project object */;
			proxyType = 1;
			remoteGlobalIDString = 1214140421F6F48100EBAA3A;
			remoteInfo = Shared;
		};
		12D58DE7221BCDB2003827BA /* PBXContainerItemProxy */ = {
			isa = PBXContainerItemProxy;
			containerPortal = 12D58DE3221BCDB1003827BA /* Entity.xcodeproj */;
			proxyType = 2;
			remoteGlobalIDString = 12D58DD8221BCDB1003827BA;
			remoteInfo = Entity;
		};
		12D58DEE221BD547003827BA /* PBXContainerItemProxy */ = {
			isa = PBXContainerItemProxy;
			containerPortal = 12F9CA682218276C002E94B0 /* Interactor.xcodeproj */;
			proxyType = 1;
			remoteGlobalIDString = 12F9CA5C2218276C002E94B0;
			remoteInfo = Interactor;
		};
		12D58DF0221BD584003827BA /* PBXContainerItemProxy */ = {
			isa = PBXContainerItemProxy;
			containerPortal = 12D58DE3221BCDB1003827BA /* Entity.xcodeproj */;
			proxyType = 1;
			remoteGlobalIDString = 12D58DD7221BCDB1003827BA;
			remoteInfo = Entity;
		};
		12F9CA4C221818D8002E94B0 /* PBXContainerItemProxy */ = {
			isa = PBXContainerItemProxy;
			containerPortal = 12F9CA48221818D6002E94B0 /* APIGatewayService.xcodeproj */;
			proxyType = 2;
			remoteGlobalIDString = 12F9CA3D221818D6002E94B0;
			remoteInfo = APIGatewayService;
		};
		12F9CA4E221818E5002E94B0 /* PBXContainerItemProxy */ = {
			isa = PBXContainerItemProxy;
			containerPortal = 12F9CA48221818D6002E94B0 /* APIGatewayService.xcodeproj */;
			proxyType = 1;
			remoteGlobalIDString = 12F9CA3C221818D6002E94B0;
			remoteInfo = APIGatewayService;
		};
		12F9CA6C2218276D002E94B0 /* PBXContainerItemProxy */ = {
			isa = PBXContainerItemProxy;
			containerPortal = 12F9CA682218276C002E94B0 /* Interactor.xcodeproj */;
			proxyType = 2;
			remoteGlobalIDString = 12F9CA5D2218276C002E94B0;
			remoteInfo = Interactor;
		};
/* End PBXContainerItemProxy section */

/* Begin PBXCopyFilesBuildPhase section */
		1214141121F6F48100EBAA3A /* Embed Frameworks */ = {
			isa = PBXCopyFilesBuildPhase;
			buildActionMask = 2147483647;
			dstPath = "";
			dstSubfolderSpec = 10;
			files = (
				12D58DF8221BEA51003827BA /* APIGatewayService.framework in Embed Frameworks */,
				12D58DF9221BEA51003827BA /* Entity.framework in Embed Frameworks */,
				12D58DFA221BEA51003827BA /* Interactor.framework in Embed Frameworks */,
				1214140D21F6F48100EBAA3A /* Shared.framework in Embed Frameworks */,
			);
			name = "Embed Frameworks";
			runOnlyForDeploymentPostprocessing = 0;
		};
/* End PBXCopyFilesBuildPhase section */

/* Begin PBXFileReference section */
		016CBF4A8EA5179467BA7C17 /* Pods-SEEK.release.xcconfig */ = {isa = PBXFileReference; includeInIndex = 1; lastKnownFileType = text.xcconfig; name = "Pods-SEEK.release.xcconfig"; path = "Target Support Files/Pods-SEEK/Pods-SEEK.release.xcconfig"; sourceTree = "<group>"; };
		02216B92741BF9ADED76B574 /* Pods-App-SEEK.release.xcconfig */ = {isa = PBXFileReference; includeInIndex = 1; lastKnownFileType = text.xcconfig; name = "Pods-App-SEEK.release.xcconfig"; path = "Target Support Files/Pods-App-SEEK/Pods-App-SEEK.release.xcconfig"; sourceTree = "<group>"; };
		1214140521F6F48100EBAA3A /* Shared.framework */ = {isa = PBXFileReference; explicitFileType = wrapper.framework; includeInIndex = 0; path = Shared.framework; sourceTree = BUILT_PRODUCTS_DIR; };
		1214140721F6F48100EBAA3A /* Shared.h */ = {isa = PBXFileReference; lastKnownFileType = sourcecode.c.h; path = Shared.h; sourceTree = "<group>"; };
		1214140821F6F48100EBAA3A /* Info.plist */ = {isa = PBXFileReference; lastKnownFileType = text.plist.xml; path = Info.plist; sourceTree = "<group>"; };
		1214141321F6F4C200EBAA3A /* ViewType.swift */ = {isa = PBXFileReference; fileEncoding = 4; lastKnownFileType = sourcecode.swift; path = ViewType.swift; sourceTree = "<group>"; };
		1214141421F6F4C200EBAA3A /* PresenterType.swift */ = {isa = PBXFileReference; fileEncoding = 4; lastKnownFileType = sourcecode.swift; path = PresenterType.swift; sourceTree = "<group>"; };
		1214141521F6F4C200EBAA3A /* BuilderType.swift */ = {isa = PBXFileReference; fileEncoding = 4; lastKnownFileType = sourcecode.swift; path = BuilderType.swift; sourceTree = "<group>"; };
		1214141621F6F4C200EBAA3A /* RouterType.swift */ = {isa = PBXFileReference; fileEncoding = 4; lastKnownFileType = sourcecode.swift; path = RouterType.swift; sourceTree = "<group>"; };
		1214141D21F6F58900EBAA3A /* Shared.swift */ = {isa = PBXFileReference; lastKnownFileType = sourcecode.swift; path = Shared.swift; sourceTree = "<group>"; };
		1214142321F9978A00EBAA3A /* NewFeedsPresenterType.swift */ = {isa = PBXFileReference; lastKnownFileType = sourcecode.swift; path = NewFeedsPresenterType.swift; sourceTree = "<group>"; };
		1214142521F997D700EBAA3A /* NewFeedsViewType.swift */ = {isa = PBXFileReference; lastKnownFileType = sourcecode.swift; path = NewFeedsViewType.swift; sourceTree = "<group>"; };
		1214143222004EAF00EBAA3A /* PostViewController.swift */ = {isa = PBXFileReference; lastKnownFileType = sourcecode.swift; path = PostViewController.swift; sourceTree = "<group>"; };
		121414342200902200EBAA3A /* OrderListView.swift */ = {isa = PBXFileReference; lastKnownFileType = sourcecode.swift; path = OrderListView.swift; sourceTree = "<group>"; };
		121414392201E5AA00EBAA3A /* PostViewType.swift */ = {isa = PBXFileReference; lastKnownFileType = sourcecode.swift; path = PostViewType.swift; sourceTree = "<group>"; };
		1214143B2201E5BD00EBAA3A /* PostPresenterType.swift */ = {isa = PBXFileReference; lastKnownFileType = sourcecode.swift; path = PostPresenterType.swift; sourceTree = "<group>"; };
		1214143E2201E5D300EBAA3A /* PostPresenter.swift */ = {isa = PBXFileReference; lastKnownFileType = sourcecode.swift; path = PostPresenter.swift; sourceTree = "<group>"; };
		1256A2D62258A0C80091E0BF /* GrandTotalView.swift */ = {isa = PBXFileReference; lastKnownFileType = sourcecode.swift; path = GrandTotalView.swift; sourceTree = "<group>"; };
		1256A2DF225A116E0091E0BF /* OrderStatusBarView.swift */ = {isa = PBXFileReference; lastKnownFileType = sourcecode.swift; path = OrderStatusBarView.swift; sourceTree = "<group>"; };
		1256A2E5225A3D940091E0BF /* PostRouter.swift */ = {isa = PBXFileReference; lastKnownFileType = sourcecode.swift; path = PostRouter.swift; sourceTree = "<group>"; };
		1257E33A2237C35500CBE0E6 /* TitleWithDisclosureView.swift */ = {isa = PBXFileReference; lastKnownFileType = sourcecode.swift; path = TitleWithDisclosureView.swift; sourceTree = "<group>"; };
		1257E36E2240CC4600CBE0E6 /* ProfilePresenterType.swift */ = {isa = PBXFileReference; lastKnownFileType = sourcecode.swift; path = ProfilePresenterType.swift; sourceTree = "<group>"; };
		127DAAE62254A5D8001AE7E9 /* ItemListView.swift */ = {isa = PBXFileReference; lastKnownFileType = sourcecode.swift; path = ItemListView.swift; sourceTree = "<group>"; };
		1281FA5B21F5C51A00D54C3E /* NewFeedsViewController.swift */ = {isa = PBXFileReference; lastKnownFileType = sourcecode.swift; path = NewFeedsViewController.swift; sourceTree = "<group>"; };
		1281FA6621F5D80100D54C3E /* CreatePostViewController.swift */ = {isa = PBXFileReference; lastKnownFileType = sourcecode.swift; path = CreatePostViewController.swift; sourceTree = "<group>"; };
		1281FA6821F5D81600D54C3E /* ProfileViewController.swift */ = {isa = PBXFileReference; lastKnownFileType = sourcecode.swift; path = ProfileViewController.swift; sourceTree = "<group>"; };
		1281FA6A21F5DE2700D54C3E /* NewFeedsCollectionViewController.swift */ = {isa = PBXFileReference; lastKnownFileType = sourcecode.swift; path = NewFeedsCollectionViewController.swift; sourceTree = "<group>"; };
		1281FA7021F5ECE000D54C3E /* PostCollectionViewCell.swift */ = {isa = PBXFileReference; lastKnownFileType = sourcecode.swift; path = PostCollectionViewCell.swift; sourceTree = "<group>"; };
		1281FA7521F5FDBA00D54C3E /* NewFeedsPresenter.swift */ = {isa = PBXFileReference; lastKnownFileType = sourcecode.swift; path = NewFeedsPresenter.swift; sourceTree = "<group>"; };
		1281FA7721F5FDCD00D54C3E /* CreatePostPresenter.swift */ = {isa = PBXFileReference; lastKnownFileType = sourcecode.swift; path = CreatePostPresenter.swift; sourceTree = "<group>"; };
		1281FA7921F5FDE100D54C3E /* ProfilePresenter.swift */ = {isa = PBXFileReference; lastKnownFileType = sourcecode.swift; path = ProfilePresenter.swift; sourceTree = "<group>"; };
		128D2B4B222BDAA7006E6EA5 /* CreatePostPresenterType.swift */ = {isa = PBXFileReference; lastKnownFileType = sourcecode.swift; path = CreatePostPresenterType.swift; sourceTree = "<group>"; };
		128D2B4D222BDABA006E6EA5 /* CreatePostViewType.swift */ = {isa = PBXFileReference; lastKnownFileType = sourcecode.swift; path = CreatePostViewType.swift; sourceTree = "<group>"; };
		12D58DE3221BCDB1003827BA /* Entity.xcodeproj */ = {isa = PBXFileReference; lastKnownFileType = "wrapper.pb-project"; name = Entity.xcodeproj; path = Entity/Entity.xcodeproj; sourceTree = "<group>"; };
		12D6C25321F1D8F7000B499B /* SEEK.app */ = {isa = PBXFileReference; explicitFileType = wrapper.application; includeInIndex = 0; path = SEEK.app; sourceTree = BUILT_PRODUCTS_DIR; };
		12D6C25621F1D8F7000B499B /* AppDelegate.swift */ = {isa = PBXFileReference; lastKnownFileType = sourcecode.swift; path = AppDelegate.swift; sourceTree = "<group>"; };
		12D6C25821F1D8F7000B499B /* RootTabBarViewController.swift */ = {isa = PBXFileReference; lastKnownFileType = sourcecode.swift; path = RootTabBarViewController.swift; sourceTree = "<group>"; };
		12D6C25B21F1D8F7000B499B /* Base */ = {isa = PBXFileReference; lastKnownFileType = file.storyboard; name = Base; path = Base.lproj/Main.storyboard; sourceTree = "<group>"; };
		12D6C25D21F1D8F8000B499B /* Assets.xcassets */ = {isa = PBXFileReference; lastKnownFileType = folder.assetcatalog; path = Assets.xcassets; sourceTree = "<group>"; };
		12D6C26021F1D8F8000B499B /* Base */ = {isa = PBXFileReference; lastKnownFileType = file.storyboard; name = Base; path = Base.lproj/LaunchScreen.storyboard; sourceTree = "<group>"; };
		12D6C26221F1D8F8000B499B /* Info.plist */ = {isa = PBXFileReference; lastKnownFileType = text.plist.xml; path = Info.plist; sourceTree = "<group>"; };
		12E14A64222AC47A0079D3D3 /* ActionSheetPicker_3_0.framework */ = {isa = PBXFileReference; explicitFileType = wrapper.framework; path = ActionSheetPicker_3_0.framework; sourceTree = BUILT_PRODUCTS_DIR; };
		12F670A0225F9D6F00C8DA5F /* ItemCheckView.swift */ = {isa = PBXFileReference; lastKnownFileType = sourcecode.swift; path = ItemCheckView.swift; sourceTree = "<group>"; };
		12F670A42262907300C8DA5F /* OrderProcessingViewController.swift */ = {isa = PBXFileReference; lastKnownFileType = sourcecode.swift; path = OrderProcessingViewController.swift; sourceTree = "<group>"; };
		12F670A7226290B900C8DA5F /* OrderProcessingPresenter.swift */ = {isa = PBXFileReference; lastKnownFileType = sourcecode.swift; path = OrderProcessingPresenter.swift; sourceTree = "<group>"; };
		12F670AA226290D500C8DA5F /* OrderProcessingPresenterType.swift */ = {isa = PBXFileReference; lastKnownFileType = sourcecode.swift; path = OrderProcessingPresenterType.swift; sourceTree = "<group>"; };
		12F670AE22634AFF00C8DA5F /* LoginViewController.swift */ = {isa = PBXFileReference; lastKnownFileType = sourcecode.swift; path = LoginViewController.swift; sourceTree = "<group>"; };
		12F670B22263B31B00C8DA5F /* LoginPresenter.swift */ = {isa = PBXFileReference; lastKnownFileType = sourcecode.swift; path = LoginPresenter.swift; sourceTree = "<group>"; };
		12F670B52263B38900C8DA5F /* LoginPresenterType.swift */ = {isa = PBXFileReference; lastKnownFileType = sourcecode.swift; path = LoginPresenterType.swift; sourceTree = "<group>"; };
		12F670B72263B3C600C8DA5F /* LoginRouter.swift */ = {isa = PBXFileReference; lastKnownFileType = sourcecode.swift; path = LoginRouter.swift; sourceTree = "<group>"; };
		12F9CA48221818D6002E94B0 /* APIGatewayService.xcodeproj */ = {isa = PBXFileReference; lastKnownFileType = "wrapper.pb-project"; name = APIGatewayService.xcodeproj; path = APIGatewayService/APIGatewayService.xcodeproj; sourceTree = "<group>"; };
		12F9CA682218276C002E94B0 /* Interactor.xcodeproj */ = {isa = PBXFileReference; lastKnownFileType = "wrapper.pb-project"; name = Interactor.xcodeproj; path = Interactor/Interactor.xcodeproj; sourceTree = "<group>"; };
		12FAC0D622650948003B6AFE /* SignUpViewController.swift */ = {isa = PBXFileReference; lastKnownFileType = sourcecode.swift; path = SignUpViewController.swift; sourceTree = "<group>"; };
		12FAC0D922659DF9003B6AFE /* SignUpPresenter.swift */ = {isa = PBXFileReference; lastKnownFileType = sourcecode.swift; path = SignUpPresenter.swift; sourceTree = "<group>"; };
		12FAC0DC22659E64003B6AFE /* SignUpRouter.swift */ = {isa = PBXFileReference; lastKnownFileType = sourcecode.swift; path = SignUpRouter.swift; sourceTree = "<group>"; };
		12FAC0DF2265E097003B6AFE /* ProfileRouter.swift */ = {isa = PBXFileReference; lastKnownFileType = sourcecode.swift; path = ProfileRouter.swift; sourceTree = "<group>"; };
		12FAC0E62266FF87003B6AFE /* OrderHistoryViewController.swift */ = {isa = PBXFileReference; lastKnownFileType = sourcecode.swift; path = OrderHistoryViewController.swift; sourceTree = "<group>"; };
		12FAC0E922675C67003B6AFE /* OrderHistoryCollectionViewController.swift */ = {isa = PBXFileReference; lastKnownFileType = sourcecode.swift; path = OrderHistoryCollectionViewController.swift; sourceTree = "<group>"; };
		12FAC0EB2267A829003B6AFE /* OrderHistoryPresenter.swift */ = {isa = PBXFileReference; lastKnownFileType = sourcecode.swift; path = OrderHistoryPresenter.swift; sourceTree = "<group>"; };
		12FAC0EE2267BBEA003B6AFE /* OrderHistoryPresenterType.swift */ = {isa = PBXFileReference; lastKnownFileType = sourcecode.swift; path = OrderHistoryPresenterType.swift; sourceTree = "<group>"; };
		16ECC6E20486DA28FE0CD039 /* Pods_SEEK.framework */ = {isa = PBXFileReference; explicitFileType = wrapper.framework; includeInIndex = 0; path = Pods_SEEK.framework; sourceTree = BUILT_PRODUCTS_DIR; };
		3D55FF570CB2F863FE9142AD /* Pods-App-SEEK.debug.xcconfig */ = {isa = PBXFileReference; includeInIndex = 1; lastKnownFileType = text.xcconfig; name = "Pods-App-SEEK.debug.xcconfig"; path = "Target Support Files/Pods-App-SEEK/Pods-App-SEEK.debug.xcconfig"; sourceTree = "<group>"; };
		65F411B42249550500F73C86 /* OrderPendingViewController.swift */ = {isa = PBXFileReference; lastKnownFileType = sourcecode.swift; path = OrderPendingViewController.swift; sourceTree = "<group>"; };
		65F411B62249579E00F73C86 /* OrderPendingPresenterType.swift */ = {isa = PBXFileReference; lastKnownFileType = sourcecode.swift; path = OrderPendingPresenterType.swift; sourceTree = "<group>"; };
		65F411B8224957B700F73C86 /* OrderPendingViewType.swift */ = {isa = PBXFileReference; lastKnownFileType = sourcecode.swift; path = OrderPendingViewType.swift; sourceTree = "<group>"; };
		65F411BA2249582E00F73C86 /* OrderPendingPresenter.swift */ = {isa = PBXFileReference; lastKnownFileType = sourcecode.swift; path = OrderPendingPresenter.swift; sourceTree = "<group>"; };
		6C0CE6B1DB05F7EFB27AAFF9 /* Pods_App_SEEK.framework */ = {isa = PBXFileReference; explicitFileType = wrapper.framework; includeInIndex = 0; path = Pods_App_SEEK.framework; sourceTree = BUILT_PRODUCTS_DIR; };
		9B20C550E9CDBCE1499CE2C1 /* Pods-App-Shared.release.xcconfig */ = {isa = PBXFileReference; includeInIndex = 1; lastKnownFileType = text.xcconfig; name = "Pods-App-Shared.release.xcconfig"; path = "Target Support Files/Pods-App-Shared/Pods-App-Shared.release.xcconfig"; sourceTree = "<group>"; };
		C91F7758D4F0265F5986B94C /* Pods-App-Shared.debug.xcconfig */ = {isa = PBXFileReference; includeInIndex = 1; lastKnownFileType = text.xcconfig; name = "Pods-App-Shared.debug.xcconfig"; path = "Target Support Files/Pods-App-Shared/Pods-App-Shared.debug.xcconfig"; sourceTree = "<group>"; };
		EDD5384218B8846DA0BDEE50 /* Pods-SEEK.debug.xcconfig */ = {isa = PBXFileReference; includeInIndex = 1; lastKnownFileType = text.xcconfig; name = "Pods-SEEK.debug.xcconfig"; path = "Target Support Files/Pods-SEEK/Pods-SEEK.debug.xcconfig"; sourceTree = "<group>"; };
		EFBBCCA6D9C2DA968272DEF6 /* Pods_App_Shared.framework */ = {isa = PBXFileReference; explicitFileType = wrapper.framework; includeInIndex = 0; path = Pods_App_Shared.framework; sourceTree = BUILT_PRODUCTS_DIR; };
/* End PBXFileReference section */

/* Begin PBXFrameworksBuildPhase section */
		1214140221F6F48100EBAA3A /* Frameworks */ = {
			isa = PBXFrameworksBuildPhase;
			buildActionMask = 2147483647;
			files = (
				515C7CB8E62DF6D26BAE6EEF /* Pods_App_Shared.framework in Frameworks */,
			);
			runOnlyForDeploymentPostprocessing = 0;
		};
		12D6C25021F1D8F7000B499B /* Frameworks */ = {
			isa = PBXFrameworksBuildPhase;
			buildActionMask = 2147483647;
			files = (
				12D58DF7221BEA0A003827BA /* Entity.framework in Frameworks */,
				12D58DF6221BEA03003827BA /* Interactor.framework in Frameworks */,
				12D58DF5221BE9FE003827BA /* APIGatewayService.framework in Frameworks */,
				1214140C21F6F48100EBAA3A /* Shared.framework in Frameworks */,
				12FAC0B7226500E2003B6AFE /* Pods_App_SEEK.framework in Frameworks */,
			);
			runOnlyForDeploymentPostprocessing = 0;
		};
/* End PBXFrameworksBuildPhase section */

/* Begin PBXGroup section */
		1214140621F6F48100EBAA3A /* Shared */ = {
			isa = PBXGroup;
			children = (
				1214140821F6F48100EBAA3A /* Info.plist */,
				1214141221F6F4C200EBAA3A /* Protocol */,
				1214140721F6F48100EBAA3A /* Shared.h */,
				1257E3392237C30400CBE0E6 /* UI */,
			);
			path = Shared;
			sourceTree = "<group>";
		};
		1214141221F6F4C200EBAA3A /* Protocol */ = {
			isa = PBXGroup;
			children = (
				1214141521F6F4C200EBAA3A /* BuilderType.swift */,
				1214141421F6F4C200EBAA3A /* PresenterType.swift */,
				1214141621F6F4C200EBAA3A /* RouterType.swift */,
				1214141321F6F4C200EBAA3A /* ViewType.swift */,
			);
			path = Protocol;
			sourceTree = "<group>";
		};
		1214142221F995F000EBAA3A /* Protocol */ = {
			isa = PBXGroup;
			children = (
				1214142321F9978A00EBAA3A /* NewFeedsPresenterType.swift */,
				1214142521F997D700EBAA3A /* NewFeedsViewType.swift */,
			);
			path = Protocol;
			sourceTree = "<group>";
		};
		1214142E220046BD00EBAA3A /* Post */ = {
			isa = PBXGroup;
			children = (
				1214143D2201E5C300EBAA3A /* Presenter */,
				121414382201E59600EBAA3A /* Protocol */,
				1256A2E4225A3D7F0091E0BF /* Router */,
				1214142F22004E7B00EBAA3A /* View */,
			);
			path = Post;
			sourceTree = "<group>";
		};
		1214142F22004E7B00EBAA3A /* View */ = {
			isa = PBXGroup;
			children = (
				1214143222004EAF00EBAA3A /* PostViewController.swift */,
				121414342200902200EBAA3A /* OrderListView.swift */,
			);
			path = View;
			sourceTree = "<group>";
		};
		121414382201E59600EBAA3A /* Protocol */ = {
			isa = PBXGroup;
			children = (
				1214143B2201E5BD00EBAA3A /* PostPresenterType.swift */,
				121414392201E5AA00EBAA3A /* PostViewType.swift */,
			);
			path = Protocol;
			sourceTree = "<group>";
		};
		1214143D2201E5C300EBAA3A /* Presenter */ = {
			isa = PBXGroup;
			children = (
				1214143E2201E5D300EBAA3A /* PostPresenter.swift */,
			);
			path = Presenter;
			sourceTree = "<group>";
		};
		1256A2E4225A3D7F0091E0BF /* Router */ = {
			isa = PBXGroup;
			children = (
				1256A2E5225A3D940091E0BF /* PostRouter.swift */,
			);
			path = Router;
			sourceTree = "<group>";
		};
		1257E3392237C30400CBE0E6 /* UI */ = {
			isa = PBXGroup;
			children = (
				1256A2D62258A0C80091E0BF /* GrandTotalView.swift */,
				12F670A0225F9D6F00C8DA5F /* ItemCheckView.swift */,
				127DAAE62254A5D8001AE7E9 /* ItemListView.swift */,
				1256A2DF225A116E0091E0BF /* OrderStatusBarView.swift */,
				1257E33A2237C35500CBE0E6 /* TitleWithDisclosureView.swift */,
			);
			path = UI;
			sourceTree = "<group>";
		};
		1257E36D2240C60E00CBE0E6 /* Protocol */ = {
			isa = PBXGroup;
			children = (
				1257E36E2240CC4600CBE0E6 /* ProfilePresenterType.swift */,
			);
			path = Protocol;
			sourceTree = "<group>";
		};
		1281FA4F21F55F8F00D54C3E /* Module */ = {
			isa = PBXGroup;
			children = (
				1281FA5A21F5C4DF00D54C3E /* CreatePost */,
				12F670AC22634AB600C8DA5F /* Login */,
				1281FA5821F5C4CC00D54C3E /* NewFeeds */,
				12FAC0E42266FF56003B6AFE /* OrderHistory */,
				65F411B02249547200F73C86 /* OrderPending */,
				12F670A22262900900C8DA5F /* OrderProcessing */,
				1214142E220046BD00EBAA3A /* Post */,
				1281FA5921F5C4D700D54C3E /* Profile */,
				1281FA6F21F5EC9100D54C3E /* Root */,
				12FAC0D42265090C003B6AFE /* SignUp */,
			);
			path = Module;
			sourceTree = "<group>";
		};
		1281FA5021F55F9D00D54C3E /* LaunchScreen */ = {
			isa = PBXGroup;
			children = (
				12D6C25F21F1D8F8000B499B /* LaunchScreen.storyboard */,
			);
			path = LaunchScreen;
			sourceTree = "<group>";
		};
		1281FA5821F5C4CC00D54C3E /* NewFeeds */ = {
			isa = PBXGroup;
			children = (
				1281FA7221F5FD9800D54C3E /* Presenter */,
				1214142221F995F000EBAA3A /* Protocol */,
				1281FA6C21F5EC1E00D54C3E /* View */,
			);
			path = NewFeeds;
			sourceTree = "<group>";
		};
		1281FA5921F5C4D700D54C3E /* Profile */ = {
			isa = PBXGroup;
			children = (
				1281FA7421F5FDA700D54C3E /* Presenter */,
				1257E36D2240C60E00CBE0E6 /* Protocol */,
				12FAC0DE2265E082003B6AFE /* Router */,
				1281FA6E21F5EC3100D54C3E /* View */,
			);
			path = Profile;
			sourceTree = "<group>";
		};
		1281FA5A21F5C4DF00D54C3E /* CreatePost */ = {
			isa = PBXGroup;
			children = (
				1281FA7321F5FD9F00D54C3E /* Presenter */,
				128D2B4A222BDA78006E6EA5 /* Protocol */,
				1281FA6D21F5EC2A00D54C3E /* View */,
			);
			path = CreatePost;
			sourceTree = "<group>";
		};
		1281FA6C21F5EC1E00D54C3E /* View */ = {
			isa = PBXGroup;
			children = (
				1281FA6A21F5DE2700D54C3E /* NewFeedsCollectionViewController.swift */,
				1281FA5B21F5C51A00D54C3E /* NewFeedsViewController.swift */,
				1281FA7021F5ECE000D54C3E /* PostCollectionViewCell.swift */,
			);
			path = View;
			sourceTree = "<group>";
		};
		1281FA6D21F5EC2A00D54C3E /* View */ = {
			isa = PBXGroup;
			children = (
				1281FA6621F5D80100D54C3E /* CreatePostViewController.swift */,
			);
			path = View;
			sourceTree = "<group>";
		};
		1281FA6E21F5EC3100D54C3E /* View */ = {
			isa = PBXGroup;
			children = (
				1281FA6821F5D81600D54C3E /* ProfileViewController.swift */,
			);
			path = View;
			sourceTree = "<group>";
		};
		1281FA6F21F5EC9100D54C3E /* Root */ = {
			isa = PBXGroup;
			children = (
				12D6C25821F1D8F7000B499B /* RootTabBarViewController.swift */,
			);
			path = Root;
			sourceTree = "<group>";
		};
		1281FA7221F5FD9800D54C3E /* Presenter */ = {
			isa = PBXGroup;
			children = (
				1281FA7521F5FDBA00D54C3E /* NewFeedsPresenter.swift */,
			);
			path = Presenter;
			sourceTree = "<group>";
		};
		1281FA7321F5FD9F00D54C3E /* Presenter */ = {
			isa = PBXGroup;
			children = (
				1281FA7721F5FDCD00D54C3E /* CreatePostPresenter.swift */,
			);
			path = Presenter;
			sourceTree = "<group>";
		};
		1281FA7421F5FDA700D54C3E /* Presenter */ = {
			isa = PBXGroup;
			children = (
				1281FA7921F5FDE100D54C3E /* ProfilePresenter.swift */,
			);
			path = Presenter;
			sourceTree = "<group>";
		};
		128D2B4A222BDA78006E6EA5 /* Protocol */ = {
			isa = PBXGroup;
			children = (
				128D2B4B222BDAA7006E6EA5 /* CreatePostPresenterType.swift */,
				128D2B4D222BDABA006E6EA5 /* CreatePostViewType.swift */,
			);
			path = Protocol;
			sourceTree = "<group>";
		};
		12D58DE4221BCDB1003827BA /* Products */ = {
			isa = PBXGroup;
			children = (
				12D58DE8221BCDB2003827BA /* Entity.framework */,
			);
			name = Products;
			sourceTree = "<group>";
		};
		12D6C24A21F1D8F7000B499B = {
			isa = PBXGroup;
			children = (
				12F9CA48221818D6002E94B0 /* APIGatewayService.xcodeproj */,
				12D58DE3221BCDB1003827BA /* Entity.xcodeproj */,
				12F9CA682218276C002E94B0 /* Interactor.xcodeproj */,
				12D6C25521F1D8F7000B499B /* SEEK */,
				1214140621F6F48100EBAA3A /* Shared */,
				12D6C25421F1D8F7000B499B /* Products */,
				89B0F7BFC3B049329793223A /* Frameworks */,
				F93EB4BFC8780BF197ADE7EB /* Pods */,
			);
			sourceTree = "<group>";
		};
		12D6C25421F1D8F7000B499B /* Products */ = {
			isa = PBXGroup;
			children = (
				12D6C25321F1D8F7000B499B /* SEEK.app */,
				1214140521F6F48100EBAA3A /* Shared.framework */,
			);
			name = Products;
			sourceTree = "<group>";
		};
		12D6C25521F1D8F7000B499B /* SEEK */ = {
			isa = PBXGroup;
			children = (
				12D6C26221F1D8F8000B499B /* Info.plist */,
				12D6C25621F1D8F7000B499B /* AppDelegate.swift */,
				1214141D21F6F58900EBAA3A /* Shared.swift */,
				12D6C25D21F1D8F8000B499B /* Assets.xcassets */,
				1281FA5021F55F9D00D54C3E /* LaunchScreen */,
				12D6C25A21F1D8F7000B499B /* Main.storyboard */,
				1281FA4F21F55F8F00D54C3E /* Module */,
			);
			path = SEEK;
			sourceTree = "<group>";
		};
		12F670A22262900900C8DA5F /* OrderProcessing */ = {
			isa = PBXGroup;
			children = (
				12F670A6226290A300C8DA5F /* Presenter */,
				12F670A9226290BE00C8DA5F /* Protocol */,
				12F670A32262904E00C8DA5F /* View */,
			);
			path = OrderProcessing;
			sourceTree = "<group>";
		};
		12F670A32262904E00C8DA5F /* View */ = {
			isa = PBXGroup;
			children = (
				12F670A42262907300C8DA5F /* OrderProcessingViewController.swift */,
			);
			path = View;
			sourceTree = "<group>";
		};
		12F670A6226290A300C8DA5F /* Presenter */ = {
			isa = PBXGroup;
			children = (
				12F670A7226290B900C8DA5F /* OrderProcessingPresenter.swift */,
			);
			path = Presenter;
			sourceTree = "<group>";
		};
		12F670A9226290BE00C8DA5F /* Protocol */ = {
			isa = PBXGroup;
			children = (
				12F670AA226290D500C8DA5F /* OrderProcessingPresenterType.swift */,
			);
			path = Protocol;
			sourceTree = "<group>";
		};
		12F670AC22634AB600C8DA5F /* Login */ = {
			isa = PBXGroup;
			children = (
				12F670B02263B2D600C8DA5F /* Presenter */,
				12F670B42263B32400C8DA5F /* Protocol */,
				12F670B12263B2ED00C8DA5F /* Router */,
				12F670AD22634ACE00C8DA5F /* View */,
			);
			path = Login;
			sourceTree = "<group>";
		};
		12F670AD22634ACE00C8DA5F /* View */ = {
			isa = PBXGroup;
			children = (
				12F670AE22634AFF00C8DA5F /* LoginViewController.swift */,
			);
			path = View;
			sourceTree = "<group>";
		};
		12F670B02263B2D600C8DA5F /* Presenter */ = {
			isa = PBXGroup;
			children = (
				12F670B22263B31B00C8DA5F /* LoginPresenter.swift */,
			);
			path = Presenter;
			sourceTree = "<group>";
		};
		12F670B12263B2ED00C8DA5F /* Router */ = {
			isa = PBXGroup;
			children = (
				12F670B72263B3C600C8DA5F /* LoginRouter.swift */,
			);
			path = Router;
			sourceTree = "<group>";
		};
		12F670B42263B32400C8DA5F /* Protocol */ = {
			isa = PBXGroup;
			children = (
				12F670B52263B38900C8DA5F /* LoginPresenterType.swift */,
			);
			path = Protocol;
			sourceTree = "<group>";
		};
		12F9CA49221818D6002E94B0 /* Products */ = {
			isa = PBXGroup;
			children = (
				12F9CA4D221818D8002E94B0 /* APIGatewayService.framework */,
			);
			name = Products;
			sourceTree = "<group>";
		};
		12F9CA692218276C002E94B0 /* Products */ = {
			isa = PBXGroup;
			children = (
				12F9CA6D2218276D002E94B0 /* Interactor.framework */,
			);
			name = Products;
			sourceTree = "<group>";
		};
		12FAC0D42265090C003B6AFE /* SignUp */ = {
			isa = PBXGroup;
			children = (
				12FAC0D822659DE3003B6AFE /* Presenter */,
				12FAC0DB22659E38003B6AFE /* Router */,
				12FAC0D522650936003B6AFE /* View */,
			);
			path = SignUp;
			sourceTree = "<group>";
		};
		12FAC0D522650936003B6AFE /* View */ = {
			isa = PBXGroup;
			children = (
				12FAC0D622650948003B6AFE /* SignUpViewController.swift */,
			);
			path = View;
			sourceTree = "<group>";
		};
		12FAC0D822659DE3003B6AFE /* Presenter */ = {
			isa = PBXGroup;
			children = (
				12FAC0D922659DF9003B6AFE /* SignUpPresenter.swift */,
			);
			path = Presenter;
			sourceTree = "<group>";
		};
		12FAC0DB22659E38003B6AFE /* Router */ = {
			isa = PBXGroup;
			children = (
				12FAC0DC22659E64003B6AFE /* SignUpRouter.swift */,
			);
			path = Router;
			sourceTree = "<group>";
		};
		12FAC0DE2265E082003B6AFE /* Router */ = {
			isa = PBXGroup;
			children = (
				12FAC0DF2265E097003B6AFE /* ProfileRouter.swift */,
			);
			path = Router;
			sourceTree = "<group>";
		};
		12FAC0E42266FF56003B6AFE /* OrderHistory */ = {
			isa = PBXGroup;
			children = (
				12FAC0E822675988003B6AFE /* Presenter */,
				12FAC0ED2267BBCC003B6AFE /* Protocol */,
				12FAC0E52266FF72003B6AFE /* View */,
			);
			path = OrderHistory;
			sourceTree = "<group>";
		};
		12FAC0E52266FF72003B6AFE /* View */ = {
			isa = PBXGroup;
			children = (
				12FAC0E922675C67003B6AFE /* OrderHistoryCollectionViewController.swift */,
				12FAC0E62266FF87003B6AFE /* OrderHistoryViewController.swift */,
			);
			path = View;
			sourceTree = "<group>";
		};
		12FAC0E822675988003B6AFE /* Presenter */ = {
			isa = PBXGroup;
			children = (
				12FAC0EB2267A829003B6AFE /* OrderHistoryPresenter.swift */,
			);
			path = Presenter;
			sourceTree = "<group>";
		};
		12FAC0ED2267BBCC003B6AFE /* Protocol */ = {
			isa = PBXGroup;
			children = (
				12FAC0EE2267BBEA003B6AFE /* OrderHistoryPresenterType.swift */,
			);
			path = Protocol;
			sourceTree = "<group>";
		};
		65F411B02249547200F73C86 /* OrderPending */ = {
			isa = PBXGroup;
			children = (
				65F411B12249548C00F73C86 /* Presenter */,
				65F411B22249549600F73C86 /* Protocol */,
				65F411B32249549C00F73C86 /* View */,
			);
			path = OrderPending;
			sourceTree = "<group>";
		};
		65F411B12249548C00F73C86 /* Presenter */ = {
			isa = PBXGroup;
			children = (
				65F411BA2249582E00F73C86 /* OrderPendingPresenter.swift */,
			);
			path = Presenter;
			sourceTree = "<group>";
		};
		65F411B22249549600F73C86 /* Protocol */ = {
			isa = PBXGroup;
			children = (
				65F411B62249579E00F73C86 /* OrderPendingPresenterType.swift */,
				65F411B8224957B700F73C86 /* OrderPendingViewType.swift */,
			);
			path = Protocol;
			sourceTree = "<group>";
		};
		65F411B32249549C00F73C86 /* View */ = {
			isa = PBXGroup;
			children = (
				65F411B42249550500F73C86 /* OrderPendingViewController.swift */,
			);
			path = View;
			sourceTree = "<group>";
		};
		89B0F7BFC3B049329793223A /* Frameworks */ = {
			isa = PBXGroup;
			children = (
				12E14A64222AC47A0079D3D3 /* ActionSheetPicker_3_0.framework */,
				6C0CE6B1DB05F7EFB27AAFF9 /* Pods_App_SEEK.framework */,
				EFBBCCA6D9C2DA968272DEF6 /* Pods_App_Shared.framework */,
				16ECC6E20486DA28FE0CD039 /* Pods_SEEK.framework */,
			);
			name = Frameworks;
			sourceTree = "<group>";
		};
		F93EB4BFC8780BF197ADE7EB /* Pods */ = {
			isa = PBXGroup;
			children = (
				3D55FF570CB2F863FE9142AD /* Pods-App-SEEK.debug.xcconfig */,
				02216B92741BF9ADED76B574 /* Pods-App-SEEK.release.xcconfig */,
				C91F7758D4F0265F5986B94C /* Pods-App-Shared.debug.xcconfig */,
				9B20C550E9CDBCE1499CE2C1 /* Pods-App-Shared.release.xcconfig */,
				EDD5384218B8846DA0BDEE50 /* Pods-SEEK.debug.xcconfig */,
				016CBF4A8EA5179467BA7C17 /* Pods-SEEK.release.xcconfig */,
			);
			path = Pods;
			sourceTree = "<group>";
		};
/* End PBXGroup section */

/* Begin PBXHeadersBuildPhase section */
		1214140021F6F48100EBAA3A /* Headers */ = {
			isa = PBXHeadersBuildPhase;
			buildActionMask = 2147483647;
			files = (
				1214140921F6F48100EBAA3A /* Shared.h in Headers */,
			);
			runOnlyForDeploymentPostprocessing = 0;
		};
/* End PBXHeadersBuildPhase section */

/* Begin PBXNativeTarget section */
		1214140421F6F48100EBAA3A /* Shared */ = {
			isa = PBXNativeTarget;
			buildConfigurationList = 1214141021F6F48100EBAA3A /* Build configuration list for PBXNativeTarget "Shared" */;
			buildPhases = (
				C3C58F7B0E910D2FCFB3441F /* [CP] Check Pods Manifest.lock */,
				1214140021F6F48100EBAA3A /* Headers */,
				1214140121F6F48100EBAA3A /* Sources */,
				1214140221F6F48100EBAA3A /* Frameworks */,
				1214140321F6F48100EBAA3A /* Resources */,
			);
			buildRules = (
			);
			dependencies = (
			);
			name = Shared;
			productName = Shared;
			productReference = 1214140521F6F48100EBAA3A /* Shared.framework */;
			productType = "com.apple.product-type.framework";
		};
		12D6C25221F1D8F7000B499B /* SEEK */ = {
			isa = PBXNativeTarget;
			buildConfigurationList = 12D6C26521F1D8F8000B499B /* Build configuration list for PBXNativeTarget "SEEK" */;
			buildPhases = (
				259574093C0B3A520536821B /* [CP] Check Pods Manifest.lock */,
				12D6C24F21F1D8F7000B499B /* Sources */,
				12D6C25021F1D8F7000B499B /* Frameworks */,
				12D6C25121F1D8F7000B499B /* Resources */,
				1214141121F6F48100EBAA3A /* Embed Frameworks */,
				D10BF2E653F805F126EBAB9D /* [CP] Embed Pods Frameworks */,
			);
			buildRules = (
			);
			dependencies = (
				12D58DF1221BD584003827BA /* PBXTargetDependency */,
				12D58DEF221BD547003827BA /* PBXTargetDependency */,
				12F9CA4F221818E5002E94B0 /* PBXTargetDependency */,
				1214140B21F6F48100EBAA3A /* PBXTargetDependency */,
			);
			name = SEEK;
			productName = SEEK;
			productReference = 12D6C25321F1D8F7000B499B /* SEEK.app */;
			productType = "com.apple.product-type.application";
		};
/* End PBXNativeTarget section */

/* Begin PBXProject section */
		12D6C24B21F1D8F7000B499B /* Project object */ = {
			isa = PBXProject;
			attributes = {
				LastSwiftUpdateCheck = 1010;
				LastUpgradeCheck = 1010;
				ORGANIZATIONNAME = oatThanut;
				TargetAttributes = {
					1214140421F6F48100EBAA3A = {
						CreatedOnToolsVersion = 10.1;
					};
					12D6C25221F1D8F7000B499B = {
						CreatedOnToolsVersion = 10.1;
					};
				};
			};
			buildConfigurationList = 12D6C24E21F1D8F7000B499B /* Build configuration list for PBXProject "SEEK" */;
			compatibilityVersion = "Xcode 9.3";
			developmentRegion = en;
			hasScannedForEncodings = 0;
			knownRegions = (
				en,
				Base,
			);
			mainGroup = 12D6C24A21F1D8F7000B499B;
			productRefGroup = 12D6C25421F1D8F7000B499B /* Products */;
			projectDirPath = "";
			projectReferences = (
				{
					ProductGroup = 12F9CA49221818D6002E94B0 /* Products */;
					ProjectRef = 12F9CA48221818D6002E94B0 /* APIGatewayService.xcodeproj */;
				},
				{
					ProductGroup = 12D58DE4221BCDB1003827BA /* Products */;
					ProjectRef = 12D58DE3221BCDB1003827BA /* Entity.xcodeproj */;
				},
				{
					ProductGroup = 12F9CA692218276C002E94B0 /* Products */;
					ProjectRef = 12F9CA682218276C002E94B0 /* Interactor.xcodeproj */;
				},
			);
			projectRoot = "";
			targets = (
				12D6C25221F1D8F7000B499B /* SEEK */,
				1214140421F6F48100EBAA3A /* Shared */,
			);
		};
/* End PBXProject section */

/* Begin PBXReferenceProxy section */
		12D58DE8221BCDB2003827BA /* Entity.framework */ = {
			isa = PBXReferenceProxy;
			fileType = wrapper.framework;
			path = Entity.framework;
			remoteRef = 12D58DE7221BCDB2003827BA /* PBXContainerItemProxy */;
			sourceTree = BUILT_PRODUCTS_DIR;
		};
		12F9CA4D221818D8002E94B0 /* APIGatewayService.framework */ = {
			isa = PBXReferenceProxy;
			fileType = wrapper.framework;
			path = APIGatewayService.framework;
			remoteRef = 12F9CA4C221818D8002E94B0 /* PBXContainerItemProxy */;
			sourceTree = BUILT_PRODUCTS_DIR;
		};
		12F9CA6D2218276D002E94B0 /* Interactor.framework */ = {
			isa = PBXReferenceProxy;
			fileType = wrapper.framework;
			path = Interactor.framework;
			remoteRef = 12F9CA6C2218276D002E94B0 /* PBXContainerItemProxy */;
			sourceTree = BUILT_PRODUCTS_DIR;
		};
/* End PBXReferenceProxy section */

/* Begin PBXResourcesBuildPhase section */
		1214140321F6F48100EBAA3A /* Resources */ = {
			isa = PBXResourcesBuildPhase;
			buildActionMask = 2147483647;
			files = (
			);
			runOnlyForDeploymentPostprocessing = 0;
		};
		12D6C25121F1D8F7000B499B /* Resources */ = {
			isa = PBXResourcesBuildPhase;
			buildActionMask = 2147483647;
			files = (
				12D6C26121F1D8F8000B499B /* LaunchScreen.storyboard in Resources */,
				12D6C25E21F1D8F8000B499B /* Assets.xcassets in Resources */,
				12D6C25C21F1D8F7000B499B /* Main.storyboard in Resources */,
			);
			runOnlyForDeploymentPostprocessing = 0;
		};
/* End PBXResourcesBuildPhase section */

/* Begin PBXShellScriptBuildPhase section */
		259574093C0B3A520536821B /* [CP] Check Pods Manifest.lock */ = {
			isa = PBXShellScriptBuildPhase;
			buildActionMask = 2147483647;
			files = (
			);
			inputFileListPaths = (
			);
			inputPaths = (
				"${PODS_PODFILE_DIR_PATH}/Podfile.lock",
				"${PODS_ROOT}/Manifest.lock",
			);
			name = "[CP] Check Pods Manifest.lock";
			outputFileListPaths = (
			);
			outputPaths = (
				"$(DERIVED_FILE_DIR)/Pods-App-SEEK-checkManifestLockResult.txt",
			);
			runOnlyForDeploymentPostprocessing = 0;
			shellPath = /bin/sh;
			shellScript = "diff \"${PODS_PODFILE_DIR_PATH}/Podfile.lock\" \"${PODS_ROOT}/Manifest.lock\" > /dev/null\nif [ $? != 0 ] ; then\n    # print error to STDERR\n    echo \"error: The sandbox is not in sync with the Podfile.lock. Run 'pod install' or update your CocoaPods installation.\" >&2\n    exit 1\nfi\n# This output is used by Xcode 'outputs' to avoid re-running this script phase.\necho \"SUCCESS\" > \"${SCRIPT_OUTPUT_FILE_0}\"\n";
			showEnvVarsInLog = 0;
		};
		C3C58F7B0E910D2FCFB3441F /* [CP] Check Pods Manifest.lock */ = {
			isa = PBXShellScriptBuildPhase;
			buildActionMask = 2147483647;
			files = (
			);
			inputFileListPaths = (
			);
			inputPaths = (
				"${PODS_PODFILE_DIR_PATH}/Podfile.lock",
				"${PODS_ROOT}/Manifest.lock",
			);
			name = "[CP] Check Pods Manifest.lock";
			outputFileListPaths = (
			);
			outputPaths = (
				"$(DERIVED_FILE_DIR)/Pods-App-Shared-checkManifestLockResult.txt",
			);
			runOnlyForDeploymentPostprocessing = 0;
			shellPath = /bin/sh;
			shellScript = "diff \"${PODS_PODFILE_DIR_PATH}/Podfile.lock\" \"${PODS_ROOT}/Manifest.lock\" > /dev/null\nif [ $? != 0 ] ; then\n    # print error to STDERR\n    echo \"error: The sandbox is not in sync with the Podfile.lock. Run 'pod install' or update your CocoaPods installation.\" >&2\n    exit 1\nfi\n# This output is used by Xcode 'outputs' to avoid re-running this script phase.\necho \"SUCCESS\" > \"${SCRIPT_OUTPUT_FILE_0}\"\n";
			showEnvVarsInLog = 0;
		};
		D10BF2E653F805F126EBAB9D /* [CP] Embed Pods Frameworks */ = {
			isa = PBXShellScriptBuildPhase;
			buildActionMask = 2147483647;
			files = (
			);
			inputFileListPaths = (
			);
			inputPaths = (
				"${PODS_ROOT}/Target Support Files/Pods-App-SEEK/Pods-App-SEEK-frameworks.sh",
				"${BUILT_PRODUCTS_DIR}/Alamofire/Alamofire.framework",
				"${BUILT_PRODUCTS_DIR}/Moya/Moya.framework",
				"${BUILT_PRODUCTS_DIR}/Result/Result.framework",
				"${BUILT_PRODUCTS_DIR}/RxSwift/RxSwift.framework",
				"${BUILT_PRODUCTS_DIR}/SwiftKeychainWrapper/SwiftKeychainWrapper.framework",
				"${BUILT_PRODUCTS_DIR}/ActionSheetPicker-3.0/ActionSheetPicker_3_0.framework",
				"${BUILT_PRODUCTS_DIR}/IQKeyboardManager/IQKeyboardManager.framework",
				"${BUILT_PRODUCTS_DIR}/RxCocoa/RxCocoa.framework",
				"${BUILT_PRODUCTS_DIR}/SnapKit/SnapKit.framework",
			);
			name = "[CP] Embed Pods Frameworks";
			outputFileListPaths = (
			);
			outputPaths = (
				"${TARGET_BUILD_DIR}/${FRAMEWORKS_FOLDER_PATH}/Alamofire.framework",
				"${TARGET_BUILD_DIR}/${FRAMEWORKS_FOLDER_PATH}/Moya.framework",
				"${TARGET_BUILD_DIR}/${FRAMEWORKS_FOLDER_PATH}/Result.framework",
				"${TARGET_BUILD_DIR}/${FRAMEWORKS_FOLDER_PATH}/RxSwift.framework",
				"${TARGET_BUILD_DIR}/${FRAMEWORKS_FOLDER_PATH}/SwiftKeychainWrapper.framework",
				"${TARGET_BUILD_DIR}/${FRAMEWORKS_FOLDER_PATH}/ActionSheetPicker_3_0.framework",
				"${TARGET_BUILD_DIR}/${FRAMEWORKS_FOLDER_PATH}/IQKeyboardManager.framework",
				"${TARGET_BUILD_DIR}/${FRAMEWORKS_FOLDER_PATH}/RxCocoa.framework",
				"${TARGET_BUILD_DIR}/${FRAMEWORKS_FOLDER_PATH}/SnapKit.framework",
			);
			runOnlyForDeploymentPostprocessing = 0;
			shellPath = /bin/sh;
			shellScript = "\"${PODS_ROOT}/Target Support Files/Pods-App-SEEK/Pods-App-SEEK-frameworks.sh\"\n";
			showEnvVarsInLog = 0;
		};
/* End PBXShellScriptBuildPhase section */

/* Begin PBXSourcesBuildPhase section */
		1214140121F6F48100EBAA3A /* Sources */ = {
			isa = PBXSourcesBuildPhase;
			buildActionMask = 2147483647;
			files = (
				1257E33B2237C35500CBE0E6 /* TitleWithDisclosureView.swift in Sources */,
				127DAAE72254A5D8001AE7E9 /* ItemListView.swift in Sources */,
				1256A2D72258A0C80091E0BF /* GrandTotalView.swift in Sources */,
				12F670A1225F9D6F00C8DA5F /* ItemCheckView.swift in Sources */,
				1256A2E0225A116E0091E0BF /* OrderStatusBarView.swift in Sources */,
				1214141821F6F4C200EBAA3A /* PresenterType.swift in Sources */,
				1214141921F6F4C200EBAA3A /* BuilderType.swift in Sources */,
				1214141A21F6F4C200EBAA3A /* RouterType.swift in Sources */,
				1214141721F6F4C200EBAA3A /* ViewType.swift in Sources */,
			);
			runOnlyForDeploymentPostprocessing = 0;
		};
		12D6C24F21F1D8F7000B499B /* Sources */ = {
			isa = PBXSourcesBuildPhase;
			buildActionMask = 2147483647;
			files = (
				12FAC0DD22659E64003B6AFE /* SignUpRouter.swift in Sources */,
				65F411BB2249582E00F73C86 /* OrderPendingPresenter.swift in Sources */,
				1214143F2201E5D300EBAA3A /* PostPresenter.swift in Sources */,
				12D6C25921F1D8F7000B499B /* RootTabBarViewController.swift in Sources */,
				1214142421F9978A00EBAA3A /* NewFeedsPresenterType.swift in Sources */,
				1281FA6721F5D80100D54C3E /* CreatePostViewController.swift in Sources */,
				1281FA6921F5D81600D54C3E /* ProfileViewController.swift in Sources */,
				12F670B62263B38900C8DA5F /* LoginPresenterType.swift in Sources */,
				1256A2E6225A3D940091E0BF /* PostRouter.swift in Sources */,
				12FAC0EF2267BBEA003B6AFE /* OrderHistoryPresenterType.swift in Sources */,
				12F670B82263B3C600C8DA5F /* LoginRouter.swift in Sources */,
				12FAC0EA22675C67003B6AFE /* OrderHistoryCollectionViewController.swift in Sources */,
				1257E36F2240CC4600CBE0E6 /* ProfilePresenterType.swift in Sources */,
				121414352200902200EBAA3A /* OrderListView.swift in Sources */,
				1281FA7621F5FDBA00D54C3E /* NewFeedsPresenter.swift in Sources */,
				12F670A8226290B900C8DA5F /* OrderProcessingPresenter.swift in Sources */,
				1214143A2201E5AA00EBAA3A /* PostViewType.swift in Sources */,
				12FAC0E72266FF87003B6AFE /* OrderHistoryViewController.swift in Sources */,
				12D6C25721F1D8F7000B499B /* AppDelegate.swift in Sources */,
				1214143C2201E5BD00EBAA3A /* PostPresenterType.swift in Sources */,
				65F411B72249579E00F73C86 /* OrderPendingPresenterType.swift in Sources */,
				12FAC0EC2267A829003B6AFE /* OrderHistoryPresenter.swift in Sources */,
				128D2B4C222BDAA7006E6EA5 /* CreatePostPresenterType.swift in Sources */,
				1281FA7821F5FDCD00D54C3E /* CreatePostPresenter.swift in Sources */,
				1214143322004EAF00EBAA3A /* PostViewController.swift in Sources */,
				12FAC0E02265E097003B6AFE /* ProfileRouter.swift in Sources */,
				12F670B32263B31B00C8DA5F /* LoginPresenter.swift in Sources */,
				12F670AF22634AFF00C8DA5F /* LoginViewController.swift in Sources */,
				12FAC0D722650948003B6AFE /* SignUpViewController.swift in Sources */,
				65F411B52249550500F73C86 /* OrderPendingViewController.swift in Sources */,
				1281FA5C21F5C51A00D54C3E /* NewFeedsViewController.swift in Sources */,
				128D2B4E222BDABA006E6EA5 /* CreatePostViewType.swift in Sources */,
				1214142621F997D700EBAA3A /* NewFeedsViewType.swift in Sources */,
				12F670AB226290D500C8DA5F /* OrderProcessingPresenterType.swift in Sources */,
				65F411B9224957B700F73C86 /* OrderPendingViewType.swift in Sources */,
				12FAC0DA22659DF9003B6AFE /* SignUpPresenter.swift in Sources */,
				1281FA7121F5ECE000D54C3E /* PostCollectionViewCell.swift in Sources */,
				1281FA7A21F5FDE100D54C3E /* ProfilePresenter.swift in Sources */,
				1214141E21F6F58900EBAA3A /* Shared.swift in Sources */,
				12F670A52262907300C8DA5F /* OrderProcessingViewController.swift in Sources */,
				1281FA6B21F5DE2700D54C3E /* NewFeedsCollectionViewController.swift in Sources */,
			);
			runOnlyForDeploymentPostprocessing = 0;
		};
/* End PBXSourcesBuildPhase section */

/* Begin PBXTargetDependency section */
		1214140B21F6F48100EBAA3A /* PBXTargetDependency */ = {
			isa = PBXTargetDependency;
			target = 1214140421F6F48100EBAA3A /* Shared */;
			targetProxy = 1214140A21F6F48100EBAA3A /* PBXContainerItemProxy */;
		};
		12D58DEF221BD547003827BA /* PBXTargetDependency */ = {
			isa = PBXTargetDependency;
			name = Interactor;
			targetProxy = 12D58DEE221BD547003827BA /* PBXContainerItemProxy */;
		};
		12D58DF1221BD584003827BA /* PBXTargetDependency */ = {
			isa = PBXTargetDependency;
			name = Entity;
			targetProxy = 12D58DF0221BD584003827BA /* PBXContainerItemProxy */;
		};
		12F9CA4F221818E5002E94B0 /* PBXTargetDependency */ = {
			isa = PBXTargetDependency;
			name = APIGatewayService;
			targetProxy = 12F9CA4E221818E5002E94B0 /* PBXContainerItemProxy */;
		};
/* End PBXTargetDependency section */

/* Begin PBXVariantGroup section */
		12D6C25A21F1D8F7000B499B /* Main.storyboard */ = {
			isa = PBXVariantGroup;
			children = (
				12D6C25B21F1D8F7000B499B /* Base */,
			);
			name = Main.storyboard;
			sourceTree = "<group>";
		};
		12D6C25F21F1D8F8000B499B /* LaunchScreen.storyboard */ = {
			isa = PBXVariantGroup;
			children = (
				12D6C26021F1D8F8000B499B /* Base */,
			);
			name = LaunchScreen.storyboard;
			sourceTree = "<group>";
		};
/* End PBXVariantGroup section */

/* Begin XCBuildConfiguration section */
		1214140E21F6F48100EBAA3A /* Debug */ = {
			isa = XCBuildConfiguration;
			baseConfigurationReference = C91F7758D4F0265F5986B94C /* Pods-App-Shared.debug.xcconfig */;
			buildSettings = {
				CODE_SIGN_IDENTITY = "";
				CODE_SIGN_STYLE = Automatic;
				CURRENT_PROJECT_VERSION = 1;
				DEFINES_MODULE = YES;
				DEVELOPMENT_TEAM = F3NL8W8JS6;
				DYLIB_COMPATIBILITY_VERSION = 1;
				DYLIB_CURRENT_VERSION = 1;
				DYLIB_INSTALL_NAME_BASE = "@rpath";
				INFOPLIST_FILE = Shared/Info.plist;
				INSTALL_PATH = "$(LOCAL_LIBRARY_DIR)/Frameworks";
				LD_RUNPATH_SEARCH_PATHS = (
					"$(inherited)",
					"@executable_path/Frameworks",
					"@loader_path/Frameworks",
				);
				PRODUCT_BUNDLE_IDENTIFIER = com.Shared;
				PRODUCT_NAME = "$(TARGET_NAME:c99extidentifier)";
				SKIP_INSTALL = YES;
				SWIFT_VERSION = 4.2;
				TARGETED_DEVICE_FAMILY = "1,2";
				VERSIONING_SYSTEM = "apple-generic";
				VERSION_INFO_PREFIX = "";
			};
			name = Debug;
		};
		1214140F21F6F48100EBAA3A /* Release */ = {
			isa = XCBuildConfiguration;
			baseConfigurationReference = 9B20C550E9CDBCE1499CE2C1 /* Pods-App-Shared.release.xcconfig */;
			buildSettings = {
				CODE_SIGN_IDENTITY = "";
				CODE_SIGN_STYLE = Automatic;
				CURRENT_PROJECT_VERSION = 1;
				DEFINES_MODULE = YES;
				DEVELOPMENT_TEAM = F3NL8W8JS6;
				DYLIB_COMPATIBILITY_VERSION = 1;
				DYLIB_CURRENT_VERSION = 1;
				DYLIB_INSTALL_NAME_BASE = "@rpath";
				INFOPLIST_FILE = Shared/Info.plist;
				INSTALL_PATH = "$(LOCAL_LIBRARY_DIR)/Frameworks";
				LD_RUNPATH_SEARCH_PATHS = (
					"$(inherited)",
					"@executable_path/Frameworks",
					"@loader_path/Frameworks",
				);
				PRODUCT_BUNDLE_IDENTIFIER = com.Shared;
				PRODUCT_NAME = "$(TARGET_NAME:c99extidentifier)";
				SKIP_INSTALL = YES;
				SWIFT_VERSION = 4.2;
				TARGETED_DEVICE_FAMILY = "1,2";
				VERSIONING_SYSTEM = "apple-generic";
				VERSION_INFO_PREFIX = "";
			};
			name = Release;
		};
		12D6C26321F1D8F8000B499B /* Debug */ = {
			isa = XCBuildConfiguration;
			buildSettings = {
				ALWAYS_SEARCH_USER_PATHS = NO;
				CLANG_ANALYZER_NONNULL = YES;
				CLANG_ANALYZER_NUMBER_OBJECT_CONVERSION = YES_AGGRESSIVE;
				CLANG_CXX_LANGUAGE_STANDARD = "gnu++14";
				CLANG_CXX_LIBRARY = "libc++";
				CLANG_ENABLE_MODULES = YES;
				CLANG_ENABLE_OBJC_ARC = YES;
				CLANG_ENABLE_OBJC_WEAK = YES;
				CLANG_WARN_BLOCK_CAPTURE_AUTORELEASING = YES;
				CLANG_WARN_BOOL_CONVERSION = YES;
				CLANG_WARN_COMMA = YES;
				CLANG_WARN_CONSTANT_CONVERSION = YES;
				CLANG_WARN_DEPRECATED_OBJC_IMPLEMENTATIONS = YES;
				CLANG_WARN_DIRECT_OBJC_ISA_USAGE = YES_ERROR;
				CLANG_WARN_DOCUMENTATION_COMMENTS = YES;
				CLANG_WARN_EMPTY_BODY = YES;
				CLANG_WARN_ENUM_CONVERSION = YES;
				CLANG_WARN_INFINITE_RECURSION = YES;
				CLANG_WARN_INT_CONVERSION = YES;
				CLANG_WARN_NON_LITERAL_NULL_CONVERSION = YES;
				CLANG_WARN_OBJC_IMPLICIT_RETAIN_SELF = YES;
				CLANG_WARN_OBJC_LITERAL_CONVERSION = YES;
				CLANG_WARN_OBJC_ROOT_CLASS = YES_ERROR;
				CLANG_WARN_RANGE_LOOP_ANALYSIS = YES;
				CLANG_WARN_STRICT_PROTOTYPES = YES;
				CLANG_WARN_SUSPICIOUS_MOVE = YES;
				CLANG_WARN_UNGUARDED_AVAILABILITY = YES_AGGRESSIVE;
				CLANG_WARN_UNREACHABLE_CODE = YES;
				CLANG_WARN__DUPLICATE_METHOD_MATCH = YES;
				CODE_SIGN_IDENTITY = "iPhone Developer";
				COPY_PHASE_STRIP = NO;
				DEBUG_INFORMATION_FORMAT = dwarf;
				ENABLE_STRICT_OBJC_MSGSEND = YES;
				ENABLE_TESTABILITY = YES;
				GCC_C_LANGUAGE_STANDARD = gnu11;
				GCC_DYNAMIC_NO_PIC = NO;
				GCC_NO_COMMON_BLOCKS = YES;
				GCC_OPTIMIZATION_LEVEL = 0;
				GCC_PREPROCESSOR_DEFINITIONS = (
					"DEBUG=1",
					"$(inherited)",
				);
				GCC_WARN_64_TO_32_BIT_CONVERSION = YES;
				GCC_WARN_ABOUT_RETURN_TYPE = YES_ERROR;
				GCC_WARN_UNDECLARED_SELECTOR = YES;
				GCC_WARN_UNINITIALIZED_AUTOS = YES_AGGRESSIVE;
				GCC_WARN_UNUSED_FUNCTION = YES;
				GCC_WARN_UNUSED_VARIABLE = YES;
				IPHONEOS_DEPLOYMENT_TARGET = 12.1;
				MTL_ENABLE_DEBUG_INFO = INCLUDE_SOURCE;
				MTL_FAST_MATH = YES;
				ONLY_ACTIVE_ARCH = YES;
				SDKROOT = iphoneos;
				SWIFT_ACTIVE_COMPILATION_CONDITIONS = DEBUG;
				SWIFT_OPTIMIZATION_LEVEL = "-Onone";
			};
			name = Debug;
		};
		12D6C26421F1D8F8000B499B /* Release */ = {
			isa = XCBuildConfiguration;
			buildSettings = {
				ALWAYS_SEARCH_USER_PATHS = NO;
				CLANG_ANALYZER_NONNULL = YES;
				CLANG_ANALYZER_NUMBER_OBJECT_CONVERSION = YES_AGGRESSIVE;
				CLANG_CXX_LANGUAGE_STANDARD = "gnu++14";
				CLANG_CXX_LIBRARY = "libc++";
				CLANG_ENABLE_MODULES = YES;
				CLANG_ENABLE_OBJC_ARC = YES;
				CLANG_ENABLE_OBJC_WEAK = YES;
				CLANG_WARN_BLOCK_CAPTURE_AUTORELEASING = YES;
				CLANG_WARN_BOOL_CONVERSION = YES;
				CLANG_WARN_COMMA = YES;
				CLANG_WARN_CONSTANT_CONVERSION = YES;
				CLANG_WARN_DEPRECATED_OBJC_IMPLEMENTATIONS = YES;
				CLANG_WARN_DIRECT_OBJC_ISA_USAGE = YES_ERROR;
				CLANG_WARN_DOCUMENTATION_COMMENTS = YES;
				CLANG_WARN_EMPTY_BODY = YES;
				CLANG_WARN_ENUM_CONVERSION = YES;
				CLANG_WARN_INFINITE_RECURSION = YES;
				CLANG_WARN_INT_CONVERSION = YES;
				CLANG_WARN_NON_LITERAL_NULL_CONVERSION = YES;
				CLANG_WARN_OBJC_IMPLICIT_RETAIN_SELF = YES;
				CLANG_WARN_OBJC_LITERAL_CONVERSION = YES;
				CLANG_WARN_OBJC_ROOT_CLASS = YES_ERROR;
				CLANG_WARN_RANGE_LOOP_ANALYSIS = YES;
				CLANG_WARN_STRICT_PROTOTYPES = YES;
				CLANG_WARN_SUSPICIOUS_MOVE = YES;
				CLANG_WARN_UNGUARDED_AVAILABILITY = YES_AGGRESSIVE;
				CLANG_WARN_UNREACHABLE_CODE = YES;
				CLANG_WARN__DUPLICATE_METHOD_MATCH = YES;
				CODE_SIGN_IDENTITY = "iPhone Developer";
				COPY_PHASE_STRIP = NO;
				DEBUG_INFORMATION_FORMAT = "dwarf-with-dsym";
				ENABLE_NS_ASSERTIONS = NO;
				ENABLE_STRICT_OBJC_MSGSEND = YES;
				GCC_C_LANGUAGE_STANDARD = gnu11;
				GCC_NO_COMMON_BLOCKS = YES;
				GCC_WARN_64_TO_32_BIT_CONVERSION = YES;
				GCC_WARN_ABOUT_RETURN_TYPE = YES_ERROR;
				GCC_WARN_UNDECLARED_SELECTOR = YES;
				GCC_WARN_UNINITIALIZED_AUTOS = YES_AGGRESSIVE;
				GCC_WARN_UNUSED_FUNCTION = YES;
				GCC_WARN_UNUSED_VARIABLE = YES;
				IPHONEOS_DEPLOYMENT_TARGET = 12.1;
				MTL_ENABLE_DEBUG_INFO = NO;
				MTL_FAST_MATH = YES;
				SDKROOT = iphoneos;
				SWIFT_COMPILATION_MODE = wholemodule;
				SWIFT_OPTIMIZATION_LEVEL = "-O";
				VALIDATE_PRODUCT = YES;
			};
			name = Release;
		};
		12D6C26621F1D8F8000B499B /* Debug */ = {
			isa = XCBuildConfiguration;
			baseConfigurationReference = 3D55FF570CB2F863FE9142AD /* Pods-App-SEEK.debug.xcconfig */;
			buildSettings = {
				ASSETCATALOG_COMPILER_APPICON_NAME = AppIcon;
				CODE_SIGN_IDENTITY = "iPhone Developer";
				CODE_SIGN_STYLE = Automatic;
				DEVELOPMENT_TEAM = F3NL8W8JS6;
				INFOPLIST_FILE = SEEK/Info.plist;
				LD_RUNPATH_SEARCH_PATHS = (
					"$(inherited)",
					"@executable_path/Frameworks",
				);
				PRODUCT_BUNDLE_IDENTIFIER = com.SEEK.iOS;
				PRODUCT_NAME = "$(TARGET_NAME)";
				PROVISIONING_PROFILE_SPECIFIER = "";
				SWIFT_VERSION = 4.2;
				TARGETED_DEVICE_FAMILY = "1,2";
			};
			name = Debug;
		};
		12D6C26721F1D8F8000B499B /* Release */ = {
			isa = XCBuildConfiguration;
			baseConfigurationReference = 02216B92741BF9ADED76B574 /* Pods-App-SEEK.release.xcconfig */;
			buildSettings = {
				ASSETCATALOG_COMPILER_APPICON_NAME = AppIcon;
				CODE_SIGN_IDENTITY = "iPhone Developer";
				CODE_SIGN_STYLE = Automatic;
				DEVELOPMENT_TEAM = F3NL8W8JS6;
				INFOPLIST_FILE = SEEK/Info.plist;
				LD_RUNPATH_SEARCH_PATHS = (
					"$(inherited)",
					"@executable_path/Frameworks",
				);
				PRODUCT_BUNDLE_IDENTIFIER = com.SEEK.iOS;
				PRODUCT_NAME = "$(TARGET_NAME)";
				PROVISIONING_PROFILE_SPECIFIER = "";
				SWIFT_VERSION = 4.2;
				TARGETED_DEVICE_FAMILY = "1,2";
			};
			name = Release;
		};
/* End XCBuildConfiguration section */

/* Begin XCConfigurationList section */
		1214141021F6F48100EBAA3A /* Build configuration list for PBXNativeTarget "Shared" */ = {
			isa = XCConfigurationList;
			buildConfigurations = (
				1214140E21F6F48100EBAA3A /* Debug */,
				1214140F21F6F48100EBAA3A /* Release */,
			);
			defaultConfigurationIsVisible = 0;
			defaultConfigurationName = Release;
		};
		12D6C24E21F1D8F7000B499B /* Build configuration list for PBXProject "SEEK" */ = {
			isa = XCConfigurationList;
			buildConfigurations = (
				12D6C26321F1D8F8000B499B /* Debug */,
				12D6C26421F1D8F8000B499B /* Release */,
			);
			defaultConfigurationIsVisible = 0;
			defaultConfigurationName = Release;
		};
		12D6C26521F1D8F8000B499B /* Build configuration list for PBXNativeTarget "SEEK" */ = {
			isa = XCConfigurationList;
			buildConfigurations = (
				12D6C26621F1D8F8000B499B /* Debug */,
				12D6C26721F1D8F8000B499B /* Release */,
			);
			defaultConfigurationIsVisible = 0;
			defaultConfigurationName = Release;
		};
/* End XCConfigurationList section */
	};
	rootObject = 12D6C24B21F1D8F7000B499B /* Project object */;
}
